// !$*UTF8*$!
{
	archiveVersion = 1;
	classes = {
	};
	objectVersion = 46;
	objects = {

/* Begin PBXBuildFile section */
		086EE7617976D595DE611A67 /* libPods-GD超次元UITests.a in Frameworks */ = {isa = PBXBuildFile; fileRef = 81BD9A983DF8C645833F1251 /* libPods-GD超次元UITests.a */; };
		873A5BC46D72F4C8FBACF7EF /* libPods-GD超次元Tests.a in Frameworks */ = {isa = PBXBuildFile; fileRef = 8861B4731EAB7257101CE163 /* libPods-GD超次元Tests.a */; };
		D71655A21CCE73FE003CE4B8 /* main.m in Sources */ = {isa = PBXBuildFile; fileRef = D71655A11CCE73FE003CE4B8 /* main.m */; };
		D71655A51CCE73FE003CE4B8 /* AppDelegate.m in Sources */ = {isa = PBXBuildFile; fileRef = D71655A41CCE73FE003CE4B8 /* AppDelegate.m */; };
		D71655AD1CCE73FE003CE4B8 /* Assets.xcassets in Resources */ = {isa = PBXBuildFile; fileRef = D71655AC1CCE73FE003CE4B8 /* Assets.xcassets */; };
		D71655BB1CCE73FE003CE4B8 /* GD___Tests.m in Sources */ = {isa = PBXBuildFile; fileRef = D71655BA1CCE73FE003CE4B8 /* GD___Tests.m */; };
		D71655C61CCE73FE003CE4B8 /* GD___UITests.m in Sources */ = {isa = PBXBuildFile; fileRef = D71655C51CCE73FE003CE4B8 /* GD___UITests.m */; };
		D716569C1CCE918E003CE4B8 /* GDMainViewController.m in Sources */ = {isa = PBXBuildFile; fileRef = D716569B1CCE918E003CE4B8 /* GDMainViewController.m */; };
		D71656A71CCE9699003CE4B8 /* GDSetingViewController.m in Sources */ = {isa = PBXBuildFile; fileRef = D71656A61CCE9699003CE4B8 /* GDSetingViewController.m */; };
		D71656B71CCFC2C2003CE4B8 /* libMasonry.a in Frameworks */ = {isa = PBXBuildFile; fileRef = D71656AE1CCFC2C2003CE4B8 /* libMasonry.a */; };
		D71656B81CCFC2C2003CE4B8 /* libMJExtension.a in Frameworks */ = {isa = PBXBuildFile; fileRef = D71656AF1CCFC2C2003CE4B8 /* libMJExtension.a */; };
		D71656B91CCFC2C2003CE4B8 /* libMMDrawerController.a in Frameworks */ = {isa = PBXBuildFile; fileRef = D71656B01CCFC2C2003CE4B8 /* libMMDrawerController.a */; };
		D71656BA1CCFC2C2003CE4B8 /* libPods-GD超次元Tests.a in Frameworks */ = {isa = PBXBuildFile; fileRef = D71656B11CCFC2C2003CE4B8 /* libPods-GD超次元Tests.a */; };
		D71656BB1CCFC2C2003CE4B8 /* libPods-GD超次元UITests.a in Frameworks */ = {isa = PBXBuildFile; fileRef = D71656B21CCFC2C2003CE4B8 /* libPods-GD超次元UITests.a */; };
		D71656BC1CCFC2C2003CE4B8 /* libSDCycleScrollView.a in Frameworks */ = {isa = PBXBuildFile; fileRef = D71656B31CCFC2C2003CE4B8 /* libSDCycleScrollView.a */; };
		D71656BD1CCFC2C2003CE4B8 /* libSDWebImage.a in Frameworks */ = {isa = PBXBuildFile; fileRef = D71656B41CCFC2C2003CE4B8 /* libSDWebImage.a */; };
		D71656BE1CCFC2C2003CE4B8 /* libSVProgressHUD.a in Frameworks */ = {isa = PBXBuildFile; fileRef = D71656B51CCFC2C2003CE4B8 /* libSVProgressHUD.a */; };
		D71656BF1CCFC2C2003CE4B8 /* libWMPageController.a in Frameworks */ = {isa = PBXBuildFile; fileRef = D71656B61CCFC2C2003CE4B8 /* libWMPageController.a */; };
		D71656C21CCFC89A003CE4B8 /* GDClassTableViewController.m in Sources */ = {isa = PBXBuildFile; fileRef = D71656C11CCFC89A003CE4B8 /* GDClassTableViewController.m */; };
		D71656C51CCFC918003CE4B8 /* GDInformationTableViewController.m in Sources */ = {isa = PBXBuildFile; fileRef = D71656C41CCFC918003CE4B8 /* GDInformationTableViewController.m */; };
		D71656C81CCFC952003CE4B8 /* GDGroupViewController.m in Sources */ = {isa = PBXBuildFile; fileRef = D71656C71CCFC952003CE4B8 /* GDGroupViewController.m */; };
		D71656CB1CCFC9DB003CE4B8 /* GDCompositorTableViewController.m in Sources */ = {isa = PBXBuildFile; fileRef = D71656CA1CCFC9DB003CE4B8 /* GDCompositorTableViewController.m */; };
		D71656D11CCFE00A003CE4B8 /* GDRequestMCDataModel.m in Sources */ = {isa = PBXBuildFile; fileRef = D71656D01CCFE00A003CE4B8 /* GDRequestMCDataModel.m */; };
		D730D7501D13088A00273EAA /* GDTabBarController.m in Sources */ = {isa = PBXBuildFile; fileRef = D730D74F1D13088A00273EAA /* GDTabBarController.m */; };
		D77D2AE11D1535DC00C838D0 /* NSObject+Log.m in Sources */ = {isa = PBXBuildFile; fileRef = D77D2AE01D1535DC00C838D0 /* NSObject+Log.m */; };
		D77D2AE51D177CA200C838D0 /* GDHomeManager.m in Sources */ = {isa = PBXBuildFile; fileRef = D77D2AE41D177CA200C838D0 /* GDHomeManager.m */; };
		D78039E31CD3BE56001AD14C /* GDNavigationViewController.m in Sources */ = {isa = PBXBuildFile; fileRef = D78039E21CD3BE56001AD14C /* GDNavigationViewController.m */; };
		D7803A4F1CD3C015001AD14C /* bg_head_allGroup@2x.png in Resources */ = {isa = PBXBuildFile; fileRef = D7803A2C1CD3C015001AD14C /* bg_head_allGroup@2x.png */; };
		D7803A501CD3C015001AD14C /* bg_head_myGroup@2x.png in Resources */ = {isa = PBXBuildFile; fileRef = D7803A2D1CD3C015001AD14C /* bg_head_myGroup@2x.png */; };
		D7803A511CD3C015001AD14C /* clean@2x.png in Resources */ = {isa = PBXBuildFile; fileRef = D7803A2E1CD3C015001AD14C /* clean@2x.png */; };
		D7803A521CD3C015001AD14C /* clock@2x.png in Resources */ = {isa = PBXBuildFile; fileRef = D7803A2F1CD3C015001AD14C /* clock@2x.png */; };
		D7803A531CD3C015001AD14C /* clock_hover@2x.png in Resources */ = {isa = PBXBuildFile; fileRef = D7803A301CD3C015001AD14C /* clock_hover@2x.png */; };
		D7803A541CD3C015001AD14C /* glass@2x.png in Resources */ = {isa = PBXBuildFile; fileRef = D7803A311CD3C015001AD14C /* glass@2x.png */; };
		D7803A551CD3C015001AD14C /* glass_hover@2x.png in Resources */ = {isa = PBXBuildFile; fileRef = D7803A321CD3C015001AD14C /* glass_hover@2x.png */; };
		D7803A561CD3C015001AD14C /* line_index@2x.png in Resources */ = {isa = PBXBuildFile; fileRef = D7803A331CD3C015001AD14C /* line_index@2x.png */; };
		D7803A571CD3C015001AD14C /* name1@2x.png in Resources */ = {isa = PBXBuildFile; fileRef = D7803A341CD3C015001AD14C /* name1@2x.png */; };
		D7803A581CD3C015001AD14C /* name1_hover@2x.png in Resources */ = {isa = PBXBuildFile; fileRef = D7803A351CD3C015001AD14C /* name1_hover@2x.png */; };
		D7803A591CD3C015001AD14C /* name2@2x.png in Resources */ = {isa = PBXBuildFile; fileRef = D7803A361CD3C015001AD14C /* name2@2x.png */; };
		D7803A5A1CD3C015001AD14C /* name2_hover@2x.png in Resources */ = {isa = PBXBuildFile; fileRef = D7803A371CD3C015001AD14C /* name2_hover@2x.png */; };
		D7803A5B1CD3C015001AD14C /* name3@2x.png in Resources */ = {isa = PBXBuildFile; fileRef = D7803A381CD3C015001AD14C /* name3@2x.png */; };
		D7803A5C1CD3C015001AD14C /* name3_hover@2x.png in Resources */ = {isa = PBXBuildFile; fileRef = D7803A391CD3C015001AD14C /* name3_hover@2x.png */; };
		D7803A5D1CD3C015001AD14C /* name4@2x.png in Resources */ = {isa = PBXBuildFile; fileRef = D7803A3A1CD3C015001AD14C /* name4@2x.png */; };
		D7803A5E1CD3C015001AD14C /* name4_hover@2x.png in Resources */ = {isa = PBXBuildFile; fileRef = D7803A3B1CD3C015001AD14C /* name4_hover@2x.png */; };
		D7803A5F1CD3C015001AD14C /* name5@2x.png in Resources */ = {isa = PBXBuildFile; fileRef = D7803A3C1CD3C015001AD14C /* name5@2x.png */; };
		D7803A601CD3C015001AD14C /* name5_hover@2x.png in Resources */ = {isa = PBXBuildFile; fileRef = D7803A3D1CD3C015001AD14C /* name5_hover@2x.png */; };
		D7803A611CD3C015001AD14C /* name6@2x.png in Resources */ = {isa = PBXBuildFile; fileRef = D7803A3E1CD3C015001AD14C /* name6@2x.png */; };
		D7803A621CD3C015001AD14C /* name6_hover@2x.png in Resources */ = {isa = PBXBuildFile; fileRef = D7803A3F1CD3C015001AD14C /* name6_hover@2x.png */; };
		D7803A631CD3C015001AD14C /* name7@2x.png in Resources */ = {isa = PBXBuildFile; fileRef = D7803A401CD3C015001AD14C /* name7@2x.png */; };
		D7803A641CD3C015001AD14C /* name7_hover@2x.png in Resources */ = {isa = PBXBuildFile; fileRef = D7803A411CD3C015001AD14C /* name7_hover@2x.png */; };
		D7803A651CD3C015001AD14C /* new_logo@2x.png in Resources */ = {isa = PBXBuildFile; fileRef = D7803A421CD3C015001AD14C /* new_logo@2x.png */; };
		D7803A661CD3C015001AD14C /* new_top@2x.png in Resources */ = {isa = PBXBuildFile; fileRef = D7803A431CD3C015001AD14C /* new_top@2x.png */; };
		D7803A671CD3C015001AD14C /* sc@2x.png in Resources */ = {isa = PBXBuildFile; fileRef = D7803A441CD3C015001AD14C /* sc@2x.png */; };
		D7803A681CD3C015001AD14C /* sc_hover@2x.png in Resources */ = {isa = PBXBuildFile; fileRef = D7803A451CD3C015001AD14C /* sc_hover@2x.png */; };
		D7803A691CD3C015001AD14C /* searchnew@2x.png in Resources */ = {isa = PBXBuildFile; fileRef = D7803A461CD3C015001AD14C /* searchnew@2x.png */; };
		D7803A6A1CD3C015001AD14C /* set@2x.png in Resources */ = {isa = PBXBuildFile; fileRef = D7803A471CD3C015001AD14C /* set@2x.png */; };
		D7803A6B1CD3C015001AD14C /* set_hover@2x.png in Resources */ = {isa = PBXBuildFile; fileRef = D7803A481CD3C015001AD14C /* set_hover@2x.png */; };
		D7803A6C1CD3C015001AD14C /* user_btn1@2x.png in Resources */ = {isa = PBXBuildFile; fileRef = D7803A491CD3C015001AD14C /* user_btn1@2x.png */; };
		D7803A6D1CD3C015001AD14C /* user_btn2@2x.png in Resources */ = {isa = PBXBuildFile; fileRef = D7803A4A1CD3C015001AD14C /* user_btn2@2x.png */; };
		D7803A6E1CD3C015001AD14C /* user_btn3@2x.png in Resources */ = {isa = PBXBuildFile; fileRef = D7803A4B1CD3C015001AD14C /* user_btn3@2x.png */; };
		D7803A6F1CD3C015001AD14C /* user_btn4@2x.png in Resources */ = {isa = PBXBuildFile; fileRef = D7803A4C1CD3C015001AD14C /* user_btn4@2x.png */; };
		D7803A701CD3C015001AD14C /* user_btn5@2x.png in Resources */ = {isa = PBXBuildFile; fileRef = D7803A4D1CD3C015001AD14C /* user_btn5@2x.png */; };
		D7803A711CD3C015001AD14C /* videoranktitle@2x.png in Resources */ = {isa = PBXBuildFile; fileRef = D7803A4E1CD3C015001AD14C /* videoranktitle@2x.png */; };
		D7803A741CD3C0C4001AD14C /* GDBarButtonItem.m in Sources */ = {isa = PBXBuildFile; fileRef = D7803A731CD3C0C4001AD14C /* GDBarButtonItem.m */; };
		D7803A7C1CD3C2F5001AD14C /* UIView+GDSize.m in Sources */ = {isa = PBXBuildFile; fileRef = D7803A7B1CD3C2F5001AD14C /* UIView+GDSize.m */; };
		D7D983A11D1822050027FAF6 /* GDMainViewTableViewCell.m in Sources */ = {isa = PBXBuildFile; fileRef = D7D983A01D1822050027FAF6 /* GDMainViewTableViewCell.m */; };
		D7D983A41D18DFC50027FAF6 /* LORequestManger.m in Sources */ = {isa = PBXBuildFile; fileRef = D7D983A31D18DFC50027FAF6 /* LORequestManger.m */; };
		D7D984021D18E7340027FAF6 /* AFHTTPRequestOperation.m in Sources */ = {isa = PBXBuildFile; fileRef = D7D983DE1D18E7340027FAF6 /* AFHTTPRequestOperation.m */; };
		D7D984031D18E7340027FAF6 /* AFHTTPRequestOperationManager.m in Sources */ = {isa = PBXBuildFile; fileRef = D7D983E01D18E7340027FAF6 /* AFHTTPRequestOperationManager.m */; };
		D7D984041D18E7340027FAF6 /* AFHTTPSessionManager.m in Sources */ = {isa = PBXBuildFile; fileRef = D7D983E21D18E7340027FAF6 /* AFHTTPSessionManager.m */; };
		D7D984051D18E7340027FAF6 /* AFNetworkReachabilityManager.m in Sources */ = {isa = PBXBuildFile; fileRef = D7D983E51D18E7340027FAF6 /* AFNetworkReachabilityManager.m */; };
		D7D984061D18E7340027FAF6 /* AFSecurityPolicy.m in Sources */ = {isa = PBXBuildFile; fileRef = D7D983E71D18E7340027FAF6 /* AFSecurityPolicy.m */; };
		D7D984071D18E7340027FAF6 /* AFURLConnectionOperation.m in Sources */ = {isa = PBXBuildFile; fileRef = D7D983E91D18E7340027FAF6 /* AFURLConnectionOperation.m */; };
		D7D984081D18E7340027FAF6 /* AFURLRequestSerialization.m in Sources */ = {isa = PBXBuildFile; fileRef = D7D983EB1D18E7340027FAF6 /* AFURLRequestSerialization.m */; };
		D7D984091D18E7340027FAF6 /* AFURLResponseSerialization.m in Sources */ = {isa = PBXBuildFile; fileRef = D7D983ED1D18E7340027FAF6 /* AFURLResponseSerialization.m */; };
		D7D9840A1D18E7340027FAF6 /* AFURLSessionManager.m in Sources */ = {isa = PBXBuildFile; fileRef = D7D983EF1D18E7340027FAF6 /* AFURLSessionManager.m */; };
		D7D9840B1D18E7340027FAF6 /* AFNetworkActivityIndicatorManager.m in Sources */ = {isa = PBXBuildFile; fileRef = D7D983F21D18E7340027FAF6 /* AFNetworkActivityIndicatorManager.m */; };
		D7D9840C1D18E7340027FAF6 /* UIActivityIndicatorView+AFNetworking.m in Sources */ = {isa = PBXBuildFile; fileRef = D7D983F41D18E7340027FAF6 /* UIActivityIndicatorView+AFNetworking.m */; };
		D7D9840D1D18E7340027FAF6 /* UIAlertView+AFNetworking.m in Sources */ = {isa = PBXBuildFile; fileRef = D7D983F61D18E7340027FAF6 /* UIAlertView+AFNetworking.m */; };
		D7D9840E1D18E7340027FAF6 /* UIButton+AFNetworking.m in Sources */ = {isa = PBXBuildFile; fileRef = D7D983F81D18E7340027FAF6 /* UIButton+AFNetworking.m */; };
		D7D9840F1D18E7340027FAF6 /* UIImageView+AFNetworking.m in Sources */ = {isa = PBXBuildFile; fileRef = D7D983FA1D18E7340027FAF6 /* UIImageView+AFNetworking.m */; };
		D7D984101D18E7340027FAF6 /* UIProgressView+AFNetworking.m in Sources */ = {isa = PBXBuildFile; fileRef = D7D983FD1D18E7340027FAF6 /* UIProgressView+AFNetworking.m */; };
		D7D984111D18E7340027FAF6 /* UIRefreshControl+AFNetworking.m in Sources */ = {isa = PBXBuildFile; fileRef = D7D983FF1D18E7340027FAF6 /* UIRefreshControl+AFNetworking.m */; };
		D7D984121D18E7340027FAF6 /* UIWebView+AFNetworking.m in Sources */ = {isa = PBXBuildFile; fileRef = D7D984011D18E7340027FAF6 /* UIWebView+AFNetworking.m */; };
		DE1256EE700CC31CD4702BF2 /* libPods-GD超次元.a in Frameworks */ = {isa = PBXBuildFile; fileRef = 3D27DDE861046152EDF4668E /* libPods-GD超次元.a */; };
/* End PBXBuildFile section */

/* Begin PBXContainerItemProxy section */
		D71655B71CCE73FE003CE4B8 /* PBXContainerItemProxy */ = {
			isa = PBXContainerItemProxy;
			containerPortal = D71655951CCE73FE003CE4B8 /* Project object */;
			proxyType = 1;
			remoteGlobalIDString = D716559C1CCE73FE003CE4B8;
			remoteInfo = "GD超次元";
		};
		D71655C21CCE73FE003CE4B8 /* PBXContainerItemProxy */ = {
			isa = PBXContainerItemProxy;
			containerPortal = D71655951CCE73FE003CE4B8 /* Project object */;
			proxyType = 1;
			remoteGlobalIDString = D716559C1CCE73FE003CE4B8;
			remoteInfo = "GD超次元";
		};
/* End PBXContainerItemProxy section */

/* Begin PBXFileReference section */
		3D27DDE861046152EDF4668E /* libPods-GD超次元.a */ = {isa = PBXFileReference; explicitFileType = archive.ar; includeInIndex = 0; path = "libPods-GD超次元.a"; sourceTree = BUILT_PRODUCTS_DIR; };
		7D4E154FEE7C9F1C5F003949 /* Pods-GD超次元UITests.debug.xcconfig */ = {isa = PBXFileReference; includeInIndex = 1; lastKnownFileType = text.xcconfig; name = "Pods-GD超次元UITests.debug.xcconfig"; path = "Pods/Target Support Files/Pods-GD超次元UITests/Pods-GD超次元UITests.debug.xcconfig"; sourceTree = "<group>"; };
		81BD9A983DF8C645833F1251 /* libPods-GD超次元UITests.a */ = {isa = PBXFileReference; explicitFileType = archive.ar; includeInIndex = 0; path = "libPods-GD超次元UITests.a"; sourceTree = BUILT_PRODUCTS_DIR; };
		821585434AA9F8EDE5BC7871 /* Pods-GD超次元Tests.debug.xcconfig */ = {isa = PBXFileReference; includeInIndex = 1; lastKnownFileType = text.xcconfig; name = "Pods-GD超次元Tests.debug.xcconfig"; path = "Pods/Target Support Files/Pods-GD超次元Tests/Pods-GD超次元Tests.debug.xcconfig"; sourceTree = "<group>"; };
		8861B4731EAB7257101CE163 /* libPods-GD超次元Tests.a */ = {isa = PBXFileReference; explicitFileType = archive.ar; includeInIndex = 0; path = "libPods-GD超次元Tests.a"; sourceTree = BUILT_PRODUCTS_DIR; };
		92D05EBCBE12BB958E71B5C3 /* Pods-GD超次元.debug.xcconfig */ = {isa = PBXFileReference; includeInIndex = 1; lastKnownFileType = text.xcconfig; name = "Pods-GD超次元.debug.xcconfig"; path = "Pods/Target Support Files/Pods-GD超次元/Pods-GD超次元.debug.xcconfig"; sourceTree = "<group>"; };
		D2A4327AD280E56DC0E6379B /* Pods-GD超次元.release.xcconfig */ = {isa = PBXFileReference; includeInIndex = 1; lastKnownFileType = text.xcconfig; name = "Pods-GD超次元.release.xcconfig"; path = "Pods/Target Support Files/Pods-GD超次元/Pods-GD超次元.release.xcconfig"; sourceTree = "<group>"; };
		D716559D1CCE73FE003CE4B8 /* GD超次元.app */ = {isa = PBXFileReference; explicitFileType = wrapper.application; includeInIndex = 0; path = "GD超次元.app"; sourceTree = BUILT_PRODUCTS_DIR; };
		D71655A11CCE73FE003CE4B8 /* main.m */ = {isa = PBXFileReference; lastKnownFileType = sourcecode.c.objc; path = main.m; sourceTree = "<group>"; };
		D71655A31CCE73FE003CE4B8 /* AppDelegate.h */ = {isa = PBXFileReference; lastKnownFileType = sourcecode.c.h; path = AppDelegate.h; sourceTree = "<group>"; };
		D71655A41CCE73FE003CE4B8 /* AppDelegate.m */ = {isa = PBXFileReference; lastKnownFileType = sourcecode.c.objc; path = AppDelegate.m; sourceTree = "<group>"; };
		D71655AC1CCE73FE003CE4B8 /* Assets.xcassets */ = {isa = PBXFileReference; lastKnownFileType = folder.assetcatalog; path = Assets.xcassets; sourceTree = "<group>"; };
		D71655B11CCE73FE003CE4B8 /* Info.plist */ = {isa = PBXFileReference; lastKnownFileType = text.plist.xml; path = Info.plist; sourceTree = "<group>"; };
		D71655B61CCE73FE003CE4B8 /* GD超次元Tests.xctest */ = {isa = PBXFileReference; explicitFileType = wrapper.cfbundle; includeInIndex = 0; path = "GD超次元Tests.xctest"; sourceTree = BUILT_PRODUCTS_DIR; };
		D71655BA1CCE73FE003CE4B8 /* GD___Tests.m */ = {isa = PBXFileReference; lastKnownFileType = sourcecode.c.objc; path = "GD___Tests.m"; sourceTree = "<group>"; };
		D71655BC1CCE73FE003CE4B8 /* Info.plist */ = {isa = PBXFileReference; lastKnownFileType = text.plist.xml; path = Info.plist; sourceTree = "<group>"; };
		D71655C11CCE73FE003CE4B8 /* GD超次元UITests.xctest */ = {isa = PBXFileReference; explicitFileType = wrapper.cfbundle; includeInIndex = 0; path = "GD超次元UITests.xctest"; sourceTree = BUILT_PRODUCTS_DIR; };
		D71655C51CCE73FE003CE4B8 /* GD___UITests.m */ = {isa = PBXFileReference; lastKnownFileType = sourcecode.c.objc; path = "GD___UITests.m"; sourceTree = "<group>"; };
		D71655C71CCE73FE003CE4B8 /* Info.plist */ = {isa = PBXFileReference; lastKnownFileType = text.plist.xml; path = Info.plist; sourceTree = "<group>"; };
		D716569A1CCE918E003CE4B8 /* GDMainViewController.h */ = {isa = PBXFileReference; fileEncoding = 4; lastKnownFileType = sourcecode.c.h; path = GDMainViewController.h; sourceTree = "<group>"; };
		D716569B1CCE918E003CE4B8 /* GDMainViewController.m */ = {isa = PBXFileReference; fileEncoding = 4; lastKnownFileType = sourcecode.c.objc; path = GDMainViewController.m; sourceTree = "<group>"; };
		D71656A51CCE9699003CE4B8 /* GDSetingViewController.h */ = {isa = PBXFileReference; fileEncoding = 4; lastKnownFileType = sourcecode.c.h; path = GDSetingViewController.h; sourceTree = "<group>"; };
		D71656A61CCE9699003CE4B8 /* GDSetingViewController.m */ = {isa = PBXFileReference; fileEncoding = 4; lastKnownFileType = sourcecode.c.objc; path = GDSetingViewController.m; sourceTree = "<group>"; };
		D71656A81CCE9862003CE4B8 /* PrefixHeader.pch */ = {isa = PBXFileReference; lastKnownFileType = sourcecode.c.h; path = PrefixHeader.pch; sourceTree = "<group>"; };
		D71656AC1CCE9E0B003CE4B8 /* libAFNetworking.a */ = {isa = PBXFileReference; lastKnownFileType = archive.ar; name = libAFNetworking.a; path = "Pods/../build/Debug-iphoneos/AFNetworking/libAFNetworking.a"; sourceTree = "<group>"; };
		D71656AE1CCFC2C2003CE4B8 /* libMasonry.a */ = {isa = PBXFileReference; lastKnownFileType = archive.ar; name = libMasonry.a; path = "Pods/../build/Debug-iphoneos/Masonry/libMasonry.a"; sourceTree = "<group>"; };
		D71656AF1CCFC2C2003CE4B8 /* libMJExtension.a */ = {isa = PBXFileReference; lastKnownFileType = archive.ar; name = libMJExtension.a; path = "Pods/../build/Debug-iphoneos/MJExtension/libMJExtension.a"; sourceTree = "<group>"; };
		D71656B01CCFC2C2003CE4B8 /* libMMDrawerController.a */ = {isa = PBXFileReference; lastKnownFileType = archive.ar; name = libMMDrawerController.a; path = "Pods/../build/Debug-iphoneos/MMDrawerController/libMMDrawerController.a"; sourceTree = "<group>"; };
		D71656B11CCFC2C2003CE4B8 /* libPods-GD超次元Tests.a */ = {isa = PBXFileReference; lastKnownFileType = archive.ar; name = "libPods-GD超次元Tests.a"; path = "Pods/../build/Debug-iphoneos/libPods-GD超次元Tests.a"; sourceTree = "<group>"; };
		D71656B21CCFC2C2003CE4B8 /* libPods-GD超次元UITests.a */ = {isa = PBXFileReference; lastKnownFileType = archive.ar; name = "libPods-GD超次元UITests.a"; path = "Pods/../build/Debug-iphoneos/libPods-GD超次元UITests.a"; sourceTree = "<group>"; };
		D71656B31CCFC2C2003CE4B8 /* libSDCycleScrollView.a */ = {isa = PBXFileReference; lastKnownFileType = archive.ar; name = libSDCycleScrollView.a; path = "Pods/../build/Debug-iphoneos/SDCycleScrollView/libSDCycleScrollView.a"; sourceTree = "<group>"; };
		D71656B41CCFC2C2003CE4B8 /* libSDWebImage.a */ = {isa = PBXFileReference; lastKnownFileType = archive.ar; name = libSDWebImage.a; path = "Pods/../build/Debug-iphoneos/SDWebImage/libSDWebImage.a"; sourceTree = "<group>"; };
		D71656B51CCFC2C2003CE4B8 /* libSVProgressHUD.a */ = {isa = PBXFileReference; lastKnownFileType = archive.ar; name = libSVProgressHUD.a; path = "Pods/../build/Debug-iphoneos/SVProgressHUD/libSVProgressHUD.a"; sourceTree = "<group>"; };
		D71656B61CCFC2C2003CE4B8 /* libWMPageController.a */ = {isa = PBXFileReference; lastKnownFileType = archive.ar; name = libWMPageController.a; path = "Pods/../build/Debug-iphoneos/WMPageController/libWMPageController.a"; sourceTree = "<group>"; };
		D71656C01CCFC89A003CE4B8 /* GDClassTableViewController.h */ = {isa = PBXFileReference; fileEncoding = 4; lastKnownFileType = sourcecode.c.h; path = GDClassTableViewController.h; sourceTree = "<group>"; };
		D71656C11CCFC89A003CE4B8 /* GDClassTableViewController.m */ = {isa = PBXFileReference; fileEncoding = 4; lastKnownFileType = sourcecode.c.objc; path = GDClassTableViewController.m; sourceTree = "<group>"; };
		D71656C31CCFC918003CE4B8 /* GDInformationTableViewController.h */ = {isa = PBXFileReference; fileEncoding = 4; lastKnownFileType = sourcecode.c.h; path = GDInformationTableViewController.h; sourceTree = "<group>"; };
		D71656C41CCFC918003CE4B8 /* GDInformationTableViewController.m */ = {isa = PBXFileReference; fileEncoding = 4; lastKnownFileType = sourcecode.c.objc; path = GDInformationTableViewController.m; sourceTree = "<group>"; };
		D71656C61CCFC952003CE4B8 /* GDGroupViewController.h */ = {isa = PBXFileReference; fileEncoding = 4; lastKnownFileType = sourcecode.c.h; path = GDGroupViewController.h; sourceTree = "<group>"; };
		D71656C71CCFC952003CE4B8 /* GDGroupViewController.m */ = {isa = PBXFileReference; fileEncoding = 4; lastKnownFileType = sourcecode.c.objc; path = GDGroupViewController.m; sourceTree = "<group>"; };
		D71656C91CCFC9DB003CE4B8 /* GDCompositorTableViewController.h */ = {isa = PBXFileReference; fileEncoding = 4; lastKnownFileType = sourcecode.c.h; path = GDCompositorTableViewController.h; sourceTree = "<group>"; };
		D71656CA1CCFC9DB003CE4B8 /* GDCompositorTableViewController.m */ = {isa = PBXFileReference; fileEncoding = 4; lastKnownFileType = sourcecode.c.objc; path = GDCompositorTableViewController.m; sourceTree = "<group>"; };
		D71656CF1CCFE00A003CE4B8 /* GDRequestMCDataModel.h */ = {isa = PBXFileReference; fileEncoding = 4; lastKnownFileType = sourcecode.c.h; path = GDRequestMCDataModel.h; sourceTree = "<group>"; };
		D71656D01CCFE00A003CE4B8 /* GDRequestMCDataModel.m */ = {isa = PBXFileReference; fileEncoding = 4; lastKnownFileType = sourcecode.c.objc; path = GDRequestMCDataModel.m; sourceTree = "<group>"; };
		D721750E4E15F54EC19FD3D4 /* Pods-GD超次元UITests.release.xcconfig */ = {isa = PBXFileReference; includeInIndex = 1; lastKnownFileType = text.xcconfig; name = "Pods-GD超次元UITests.release.xcconfig"; path = "Pods/Target Support Files/Pods-GD超次元UITests/Pods-GD超次元UITests.release.xcconfig"; sourceTree = "<group>"; };
		D730D74E1D13088A00273EAA /* GDTabBarController.h */ = {isa = PBXFileReference; fileEncoding = 4; lastKnownFileType = sourcecode.c.h; path = GDTabBarController.h; sourceTree = "<group>"; };
		D730D74F1D13088A00273EAA /* GDTabBarController.m */ = {isa = PBXFileReference; fileEncoding = 4; lastKnownFileType = sourcecode.c.objc; path = GDTabBarController.m; sourceTree = "<group>"; };
		D77D2ADF1D1535DC00C838D0 /* NSObject+Log.h */ = {isa = PBXFileReference; fileEncoding = 4; lastKnownFileType = sourcecode.c.h; path = "NSObject+Log.h"; sourceTree = "<group>"; };
		D77D2AE01D1535DC00C838D0 /* NSObject+Log.m */ = {isa = PBXFileReference; fileEncoding = 4; lastKnownFileType = sourcecode.c.objc; path = "NSObject+Log.m"; sourceTree = "<group>"; };
		D77D2AE31D177CA200C838D0 /* GDHomeManager.h */ = {isa = PBXFileReference; fileEncoding = 4; lastKnownFileType = sourcecode.c.h; path = GDHomeManager.h; sourceTree = "<group>"; };
		D77D2AE41D177CA200C838D0 /* GDHomeManager.m */ = {isa = PBXFileReference; fileEncoding = 4; lastKnownFileType = sourcecode.c.objc; path = GDHomeManager.m; sourceTree = "<group>"; };
		D78039E11CD3BE56001AD14C /* GDNavigationViewController.h */ = {isa = PBXFileReference; fileEncoding = 4; lastKnownFileType = sourcecode.c.h; path = GDNavigationViewController.h; sourceTree = "<group>"; };
		D78039E21CD3BE56001AD14C /* GDNavigationViewController.m */ = {isa = PBXFileReference; fileEncoding = 4; lastKnownFileType = sourcecode.c.objc; path = GDNavigationViewController.m; sourceTree = "<group>"; };
		D7803A2C1CD3C015001AD14C /* bg_head_allGroup@2x.png */ = {isa = PBXFileReference; lastKnownFileType = image.png; path = "bg_head_allGroup@2x.png"; sourceTree = "<group>"; };
		D7803A2D1CD3C015001AD14C /* bg_head_myGroup@2x.png */ = {isa = PBXFileReference; lastKnownFileType = image.png; path = "bg_head_myGroup@2x.png"; sourceTree = "<group>"; };
		D7803A2E1CD3C015001AD14C /* clean@2x.png */ = {isa = PBXFileReference; lastKnownFileType = image.png; path = "clean@2x.png"; sourceTree = "<group>"; };
		D7803A2F1CD3C015001AD14C /* clock@2x.png */ = {isa = PBXFileReference; lastKnownFileType = image.png; path = "clock@2x.png"; sourceTree = "<group>"; };
		D7803A301CD3C015001AD14C /* clock_hover@2x.png */ = {isa = PBXFileReference; lastKnownFileType = image.png; path = "clock_hover@2x.png"; sourceTree = "<group>"; };
		D7803A311CD3C015001AD14C /* glass@2x.png */ = {isa = PBXFileReference; lastKnownFileType = image.png; path = "glass@2x.png"; sourceTree = "<group>"; };
		D7803A321CD3C015001AD14C /* glass_hover@2x.png */ = {isa = PBXFileReference; lastKnownFileType = image.png; path = "glass_hover@2x.png"; sourceTree = "<group>"; };
		D7803A331CD3C015001AD14C /* line_index@2x.png */ = {isa = PBXFileReference; lastKnownFileType = image.png; path = "line_index@2x.png"; sourceTree = "<group>"; };
		D7803A341CD3C015001AD14C /* name1@2x.png */ = {isa = PBXFileReference; lastKnownFileType = image.png; path = "name1@2x.png"; sourceTree = "<group>"; };
		D7803A351CD3C015001AD14C /* name1_hover@2x.png */ = {isa = PBXFileReference; lastKnownFileType = image.png; path = "name1_hover@2x.png"; sourceTree = "<group>"; };
		D7803A361CD3C015001AD14C /* name2@2x.png */ = {isa = PBXFileReference; lastKnownFileType = image.png; path = "name2@2x.png"; sourceTree = "<group>"; };
		D7803A371CD3C015001AD14C /* name2_hover@2x.png */ = {isa = PBXFileReference; lastKnownFileType = image.png; path = "name2_hover@2x.png"; sourceTree = "<group>"; };
		D7803A381CD3C015001AD14C /* name3@2x.png */ = {isa = PBXFileReference; lastKnownFileType = image.png; path = "name3@2x.png"; sourceTree = "<group>"; };
		D7803A391CD3C015001AD14C /* name3_hover@2x.png */ = {isa = PBXFileReference; lastKnownFileType = image.png; path = "name3_hover@2x.png"; sourceTree = "<group>"; };
		D7803A3A1CD3C015001AD14C /* name4@2x.png */ = {isa = PBXFileReference; lastKnownFileType = image.png; path = "name4@2x.png"; sourceTree = "<group>"; };
		D7803A3B1CD3C015001AD14C /* name4_hover@2x.png */ = {isa = PBXFileReference; lastKnownFileType = image.png; path = "name4_hover@2x.png"; sourceTree = "<group>"; };
		D7803A3C1CD3C015001AD14C /* name5@2x.png */ = {isa = PBXFileReference; lastKnownFileType = image.png; path = "name5@2x.png"; sourceTree = "<group>"; };
		D7803A3D1CD3C015001AD14C /* name5_hover@2x.png */ = {isa = PBXFileReference; lastKnownFileType = image.png; path = "name5_hover@2x.png"; sourceTree = "<group>"; };
		D7803A3E1CD3C015001AD14C /* name6@2x.png */ = {isa = PBXFileReference; lastKnownFileType = image.png; path = "name6@2x.png"; sourceTree = "<group>"; };
		D7803A3F1CD3C015001AD14C /* name6_hover@2x.png */ = {isa = PBXFileReference; lastKnownFileType = image.png; path = "name6_hover@2x.png"; sourceTree = "<group>"; };
		D7803A401CD3C015001AD14C /* name7@2x.png */ = {isa = PBXFileReference; lastKnownFileType = image.png; path = "name7@2x.png"; sourceTree = "<group>"; };
		D7803A411CD3C015001AD14C /* name7_hover@2x.png */ = {isa = PBXFileReference; lastKnownFileType = image.png; path = "name7_hover@2x.png"; sourceTree = "<group>"; };
		D7803A421CD3C015001AD14C /* new_logo@2x.png */ = {isa = PBXFileReference; lastKnownFileType = image.png; path = "new_logo@2x.png"; sourceTree = "<group>"; };
		D7803A431CD3C015001AD14C /* new_top@2x.png */ = {isa = PBXFileReference; lastKnownFileType = image.png; path = "new_top@2x.png"; sourceTree = "<group>"; };
		D7803A441CD3C015001AD14C /* sc@2x.png */ = {isa = PBXFileReference; lastKnownFileType = image.png; path = "sc@2x.png"; sourceTree = "<group>"; };
		D7803A451CD3C015001AD14C /* sc_hover@2x.png */ = {isa = PBXFileReference; lastKnownFileType = image.png; path = "sc_hover@2x.png"; sourceTree = "<group>"; };
		D7803A461CD3C015001AD14C /* searchnew@2x.png */ = {isa = PBXFileReference; lastKnownFileType = image.png; path = "searchnew@2x.png"; sourceTree = "<group>"; };
		D7803A471CD3C015001AD14C /* set@2x.png */ = {isa = PBXFileReference; lastKnownFileType = image.png; path = "set@2x.png"; sourceTree = "<group>"; };
		D7803A481CD3C015001AD14C /* set_hover@2x.png */ = {isa = PBXFileReference; lastKnownFileType = image.png; path = "set_hover@2x.png"; sourceTree = "<group>"; };
		D7803A491CD3C015001AD14C /* user_btn1@2x.png */ = {isa = PBXFileReference; lastKnownFileType = image.png; path = "user_btn1@2x.png"; sourceTree = "<group>"; };
		D7803A4A1CD3C015001AD14C /* user_btn2@2x.png */ = {isa = PBXFileReference; lastKnownFileType = image.png; path = "user_btn2@2x.png"; sourceTree = "<group>"; };
		D7803A4B1CD3C015001AD14C /* user_btn3@2x.png */ = {isa = PBXFileReference; lastKnownFileType = image.png; path = "user_btn3@2x.png"; sourceTree = "<group>"; };
		D7803A4C1CD3C015001AD14C /* user_btn4@2x.png */ = {isa = PBXFileReference; lastKnownFileType = image.png; path = "user_btn4@2x.png"; sourceTree = "<group>"; };
		D7803A4D1CD3C015001AD14C /* user_btn5@2x.png */ = {isa = PBXFileReference; lastKnownFileType = image.png; path = "user_btn5@2x.png"; sourceTree = "<group>"; };
		D7803A4E1CD3C015001AD14C /* videoranktitle@2x.png */ = {isa = PBXFileReference; lastKnownFileType = image.png; path = "videoranktitle@2x.png"; sourceTree = "<group>"; };
		D7803A721CD3C0C4001AD14C /* GDBarButtonItem.h */ = {isa = PBXFileReference; fileEncoding = 4; lastKnownFileType = sourcecode.c.h; path = GDBarButtonItem.h; sourceTree = "<group>"; };
		D7803A731CD3C0C4001AD14C /* GDBarButtonItem.m */ = {isa = PBXFileReference; fileEncoding = 4; lastKnownFileType = sourcecode.c.objc; path = GDBarButtonItem.m; sourceTree = "<group>"; };
		D7803A7A1CD3C2F5001AD14C /* UIView+GDSize.h */ = {isa = PBXFileReference; fileEncoding = 4; lastKnownFileType = sourcecode.c.h; path = "UIView+GDSize.h"; sourceTree = "<group>"; };
		D7803A7B1CD3C2F5001AD14C /* UIView+GDSize.m */ = {isa = PBXFileReference; fileEncoding = 4; lastKnownFileType = sourcecode.c.objc; path = "UIView+GDSize.m"; sourceTree = "<group>"; };
		D7D9839F1D1822050027FAF6 /* GDMainViewTableViewCell.h */ = {isa = PBXFileReference; fileEncoding = 4; lastKnownFileType = sourcecode.c.h; path = GDMainViewTableViewCell.h; sourceTree = "<group>"; };
		D7D983A01D1822050027FAF6 /* GDMainViewTableViewCell.m */ = {isa = PBXFileReference; fileEncoding = 4; lastKnownFileType = sourcecode.c.objc; path = GDMainViewTableViewCell.m; sourceTree = "<group>"; };
		D7D983A21D18DFC50027FAF6 /* LORequestManger.h */ = {isa = PBXFileReference; fileEncoding = 4; lastKnownFileType = sourcecode.c.h; path = LORequestManger.h; sourceTree = "<group>"; };
		D7D983A31D18DFC50027FAF6 /* LORequestManger.m */ = {isa = PBXFileReference; fileEncoding = 4; lastKnownFileType = sourcecode.c.objc; path = LORequestManger.m; sourceTree = "<group>"; };
		D7D983DD1D18E7340027FAF6 /* AFHTTPRequestOperation.h */ = {isa = PBXFileReference; fileEncoding = 4; lastKnownFileType = sourcecode.c.h; path = AFHTTPRequestOperation.h; sourceTree = "<group>"; };
		D7D983DE1D18E7340027FAF6 /* AFHTTPRequestOperation.m */ = {isa = PBXFileReference; fileEncoding = 4; lastKnownFileType = sourcecode.c.objc; path = AFHTTPRequestOperation.m; sourceTree = "<group>"; };
		D7D983DF1D18E7340027FAF6 /* AFHTTPRequestOperationManager.h */ = {isa = PBXFileReference; fileEncoding = 4; lastKnownFileType = sourcecode.c.h; path = AFHTTPRequestOperationManager.h; sourceTree = "<group>"; };
		D7D983E01D18E7340027FAF6 /* AFHTTPRequestOperationManager.m */ = {isa = PBXFileReference; fileEncoding = 4; lastKnownFileType = sourcecode.c.objc; path = AFHTTPRequestOperationManager.m; sourceTree = "<group>"; };
		D7D983E11D18E7340027FAF6 /* AFHTTPSessionManager.h */ = {isa = PBXFileReference; fileEncoding = 4; lastKnownFileType = sourcecode.c.h; path = AFHTTPSessionManager.h; sourceTree = "<group>"; };
		D7D983E21D18E7340027FAF6 /* AFHTTPSessionManager.m */ = {isa = PBXFileReference; fileEncoding = 4; lastKnownFileType = sourcecode.c.objc; path = AFHTTPSessionManager.m; sourceTree = "<group>"; };
		D7D983E31D18E7340027FAF6 /* AFNetworking.h */ = {isa = PBXFileReference; fileEncoding = 4; lastKnownFileType = sourcecode.c.h; path = AFNetworking.h; sourceTree = "<group>"; };
		D7D983E41D18E7340027FAF6 /* AFNetworkReachabilityManager.h */ = {isa = PBXFileReference; fileEncoding = 4; lastKnownFileType = sourcecode.c.h; path = AFNetworkReachabilityManager.h; sourceTree = "<group>"; };
		D7D983E51D18E7340027FAF6 /* AFNetworkReachabilityManager.m */ = {isa = PBXFileReference; fileEncoding = 4; lastKnownFileType = sourcecode.c.objc; path = AFNetworkReachabilityManager.m; sourceTree = "<group>"; };
		D7D983E61D18E7340027FAF6 /* AFSecurityPolicy.h */ = {isa = PBXFileReference; fileEncoding = 4; lastKnownFileType = sourcecode.c.h; path = AFSecurityPolicy.h; sourceTree = "<group>"; };
		D7D983E71D18E7340027FAF6 /* AFSecurityPolicy.m */ = {isa = PBXFileReference; fileEncoding = 4; lastKnownFileType = sourcecode.c.objc; path = AFSecurityPolicy.m; sourceTree = "<group>"; };
		D7D983E81D18E7340027FAF6 /* AFURLConnectionOperation.h */ = {isa = PBXFileReference; fileEncoding = 4; lastKnownFileType = sourcecode.c.h; path = AFURLConnectionOperation.h; sourceTree = "<group>"; };
		D7D983E91D18E7340027FAF6 /* AFURLConnectionOperation.m */ = {isa = PBXFileReference; fileEncoding = 4; lastKnownFileType = sourcecode.c.objc; path = AFURLConnectionOperation.m; sourceTree = "<group>"; };
		D7D983EA1D18E7340027FAF6 /* AFURLRequestSerialization.h */ = {isa = PBXFileReference; fileEncoding = 4; lastKnownFileType = sourcecode.c.h; path = AFURLRequestSerialization.h; sourceTree = "<group>"; };
		D7D983EB1D18E7340027FAF6 /* AFURLRequestSerialization.m */ = {isa = PBXFileReference; fileEncoding = 4; lastKnownFileType = sourcecode.c.objc; path = AFURLRequestSerialization.m; sourceTree = "<group>"; };
		D7D983EC1D18E7340027FAF6 /* AFURLResponseSerialization.h */ = {isa = PBXFileReference; fileEncoding = 4; lastKnownFileType = sourcecode.c.h; path = AFURLResponseSerialization.h; sourceTree = "<group>"; };
		D7D983ED1D18E7340027FAF6 /* AFURLResponseSerialization.m */ = {isa = PBXFileReference; fileEncoding = 4; lastKnownFileType = sourcecode.c.objc; path = AFURLResponseSerialization.m; sourceTree = "<group>"; };
		D7D983EE1D18E7340027FAF6 /* AFURLSessionManager.h */ = {isa = PBXFileReference; fileEncoding = 4; lastKnownFileType = sourcecode.c.h; path = AFURLSessionManager.h; sourceTree = "<group>"; };
		D7D983EF1D18E7340027FAF6 /* AFURLSessionManager.m */ = {isa = PBXFileReference; fileEncoding = 4; lastKnownFileType = sourcecode.c.objc; path = AFURLSessionManager.m; sourceTree = "<group>"; };
		D7D983F11D18E7340027FAF6 /* AFNetworkActivityIndicatorManager.h */ = {isa = PBXFileReference; fileEncoding = 4; lastKnownFileType = sourcecode.c.h; path = AFNetworkActivityIndicatorManager.h; sourceTree = "<group>"; };
		D7D983F21D18E7340027FAF6 /* AFNetworkActivityIndicatorManager.m */ = {isa = PBXFileReference; fileEncoding = 4; lastKnownFileType = sourcecode.c.objc; path = AFNetworkActivityIndicatorManager.m; sourceTree = "<group>"; };
		D7D983F31D18E7340027FAF6 /* UIActivityIndicatorView+AFNetworking.h */ = {isa = PBXFileReference; fileEncoding = 4; lastKnownFileType = sourcecode.c.h; path = "UIActivityIndicatorView+AFNetworking.h"; sourceTree = "<group>"; };
		D7D983F41D18E7340027FAF6 /* UIActivityIndicatorView+AFNetworking.m */ = {isa = PBXFileReference; fileEncoding = 4; lastKnownFileType = sourcecode.c.objc; path = "UIActivityIndicatorView+AFNetworking.m"; sourceTree = "<group>"; };
		D7D983F51D18E7340027FAF6 /* UIAlertView+AFNetworking.h */ = {isa = PBXFileReference; fileEncoding = 4; lastKnownFileType = sourcecode.c.h; path = "UIAlertView+AFNetworking.h"; sourceTree = "<group>"; };
		D7D983F61D18E7340027FAF6 /* UIAlertView+AFNetworking.m */ = {isa = PBXFileReference; fileEncoding = 4; lastKnownFileType = sourcecode.c.objc; path = "UIAlertView+AFNetworking.m"; sourceTree = "<group>"; };
		D7D983F71D18E7340027FAF6 /* UIButton+AFNetworking.h */ = {isa = PBXFileReference; fileEncoding = 4; lastKnownFileType = sourcecode.c.h; path = "UIButton+AFNetworking.h"; sourceTree = "<group>"; };
		D7D983F81D18E7340027FAF6 /* UIButton+AFNetworking.m */ = {isa = PBXFileReference; fileEncoding = 4; lastKnownFileType = sourcecode.c.objc; path = "UIButton+AFNetworking.m"; sourceTree = "<group>"; };
		D7D983F91D18E7340027FAF6 /* UIImageView+AFNetworking.h */ = {isa = PBXFileReference; fileEncoding = 4; lastKnownFileType = sourcecode.c.h; path = "UIImageView+AFNetworking.h"; sourceTree = "<group>"; };
		D7D983FA1D18E7340027FAF6 /* UIImageView+AFNetworking.m */ = {isa = PBXFileReference; fileEncoding = 4; lastKnownFileType = sourcecode.c.objc; path = "UIImageView+AFNetworking.m"; sourceTree = "<group>"; };
		D7D983FB1D18E7340027FAF6 /* UIKit+AFNetworking.h */ = {isa = PBXFileReference; fileEncoding = 4; lastKnownFileType = sourcecode.c.h; path = "UIKit+AFNetworking.h"; sourceTree = "<group>"; };
		D7D983FC1D18E7340027FAF6 /* UIProgressView+AFNetworking.h */ = {isa = PBXFileReference; fileEncoding = 4; lastKnownFileType = sourcecode.c.h; path = "UIProgressView+AFNetworking.h"; sourceTree = "<group>"; };
		D7D983FD1D18E7340027FAF6 /* UIProgressView+AFNetworking.m */ = {isa = PBXFileReference; fileEncoding = 4; lastKnownFileType = sourcecode.c.objc; path = "UIProgressView+AFNetworking.m"; sourceTree = "<group>"; };
		D7D983FE1D18E7340027FAF6 /* UIRefreshControl+AFNetworking.h */ = {isa = PBXFileReference; fileEncoding = 4; lastKnownFileType = sourcecode.c.h; path = "UIRefreshControl+AFNetworking.h"; sourceTree = "<group>"; };
		D7D983FF1D18E7340027FAF6 /* UIRefreshControl+AFNetworking.m */ = {isa = PBXFileReference; fileEncoding = 4; lastKnownFileType = sourcecode.c.objc; path = "UIRefreshControl+AFNetworking.m"; sourceTree = "<group>"; };
		D7D984001D18E7340027FAF6 /* UIWebView+AFNetworking.h */ = {isa = PBXFileReference; fileEncoding = 4; lastKnownFileType = sourcecode.c.h; path = "UIWebView+AFNetworking.h"; sourceTree = "<group>"; };
		D7D984011D18E7340027FAF6 /* UIWebView+AFNetworking.m */ = {isa = PBXFileReference; fileEncoding = 4; lastKnownFileType = sourcecode.c.objc; path = "UIWebView+AFNetworking.m"; sourceTree = "<group>"; };
		E6C1DC9F184FC589A78F1DFF /* Pods-GD超次元Tests.release.xcconfig */ = {isa = PBXFileReference; includeInIndex = 1; lastKnownFileType = text.xcconfig; name = "Pods-GD超次元Tests.release.xcconfig"; path = "Pods/Target Support Files/Pods-GD超次元Tests/Pods-GD超次元Tests.release.xcconfig"; sourceTree = "<group>"; };
/* End PBXFileReference section */

/* Begin PBXFrameworksBuildPhase section */
		D716559A1CCE73FE003CE4B8 /* Frameworks */ = {
			isa = PBXFrameworksBuildPhase;
			buildActionMask = 2147483647;
			files = (
				D71656B71CCFC2C2003CE4B8 /* libMasonry.a in Frameworks */,
				D71656B81CCFC2C2003CE4B8 /* libMJExtension.a in Frameworks */,
				D71656B91CCFC2C2003CE4B8 /* libMMDrawerController.a in Frameworks */,
				D71656BA1CCFC2C2003CE4B8 /* libPods-GD超次元Tests.a in Frameworks */,
				D71656BB1CCFC2C2003CE4B8 /* libPods-GD超次元UITests.a in Frameworks */,
				D71656BC1CCFC2C2003CE4B8 /* libSDCycleScrollView.a in Frameworks */,
				D71656BD1CCFC2C2003CE4B8 /* libSDWebImage.a in Frameworks */,
				D71656BE1CCFC2C2003CE4B8 /* libSVProgressHUD.a in Frameworks */,
				D71656BF1CCFC2C2003CE4B8 /* libWMPageController.a in Frameworks */,
				DE1256EE700CC31CD4702BF2 /* libPods-GD超次元.a in Frameworks */,
			);
			runOnlyForDeploymentPostprocessing = 0;
		};
		D71655B31CCE73FE003CE4B8 /* Frameworks */ = {
			isa = PBXFrameworksBuildPhase;
			buildActionMask = 2147483647;
			files = (
				873A5BC46D72F4C8FBACF7EF /* libPods-GD超次元Tests.a in Frameworks */,
			);
			runOnlyForDeploymentPostprocessing = 0;
		};
		D71655BE1CCE73FE003CE4B8 /* Frameworks */ = {
			isa = PBXFrameworksBuildPhase;
			buildActionMask = 2147483647;
			files = (
				086EE7617976D595DE611A67 /* libPods-GD超次元UITests.a in Frameworks */,
			);
			runOnlyForDeploymentPostprocessing = 0;
		};
/* End PBXFrameworksBuildPhase section */

/* Begin PBXGroup section */
		1318296C6EBB3EA92CE2FBE9 /* Pods */ = {
			isa = PBXGroup;
			children = (
				92D05EBCBE12BB958E71B5C3 /* Pods-GD超次元.debug.xcconfig */,
				D2A4327AD280E56DC0E6379B /* Pods-GD超次元.release.xcconfig */,
				821585434AA9F8EDE5BC7871 /* Pods-GD超次元Tests.debug.xcconfig */,
				E6C1DC9F184FC589A78F1DFF /* Pods-GD超次元Tests.release.xcconfig */,
				7D4E154FEE7C9F1C5F003949 /* Pods-GD超次元UITests.debug.xcconfig */,
				D721750E4E15F54EC19FD3D4 /* Pods-GD超次元UITests.release.xcconfig */,
			);
			name = Pods;
			sourceTree = "<group>";
		};
		2E96D9A89E298E8A838B85C0 /* Frameworks */ = {
			isa = PBXGroup;
			children = (
				D71656AE1CCFC2C2003CE4B8 /* libMasonry.a */,
				D71656AF1CCFC2C2003CE4B8 /* libMJExtension.a */,
				D71656B01CCFC2C2003CE4B8 /* libMMDrawerController.a */,
				D71656B11CCFC2C2003CE4B8 /* libPods-GD超次元Tests.a */,
				D71656B21CCFC2C2003CE4B8 /* libPods-GD超次元UITests.a */,
				D71656B31CCFC2C2003CE4B8 /* libSDCycleScrollView.a */,
				D71656B41CCFC2C2003CE4B8 /* libSDWebImage.a */,
				D71656B51CCFC2C2003CE4B8 /* libSVProgressHUD.a */,
				D71656B61CCFC2C2003CE4B8 /* libWMPageController.a */,
				D71656AC1CCE9E0B003CE4B8 /* libAFNetworking.a */,
				3D27DDE861046152EDF4668E /* libPods-GD超次元.a */,
				8861B4731EAB7257101CE163 /* libPods-GD超次元Tests.a */,
				81BD9A983DF8C645833F1251 /* libPods-GD超次元UITests.a */,
			);
			name = Frameworks;
			sourceTree = "<group>";
		};
		D71655941CCE73FE003CE4B8 = {
			isa = PBXGroup;
			children = (
				D716559F1CCE73FE003CE4B8 /* GD超次元 */,
				D71655B91CCE73FE003CE4B8 /* GD超次元Tests */,
				D71655C41CCE73FE003CE4B8 /* GD超次元UITests */,
				D716559E1CCE73FE003CE4B8 /* Products */,
				1318296C6EBB3EA92CE2FBE9 /* Pods */,
				2E96D9A89E298E8A838B85C0 /* Frameworks */,
			);
			sourceTree = "<group>";
		};
		D716559E1CCE73FE003CE4B8 /* Products */ = {
			isa = PBXGroup;
			children = (
				D716559D1CCE73FE003CE4B8 /* GD超次元.app */,
				D71655B61CCE73FE003CE4B8 /* GD超次元Tests.xctest */,
				D71655C11CCE73FE003CE4B8 /* GD超次元UITests.xctest */,
			);
			name = Products;
			sourceTree = "<group>";
		};
		D716559F1CCE73FE003CE4B8 /* GD超次元 */ = {
			isa = PBXGroup;
			children = (
				D71655A31CCE73FE003CE4B8 /* AppDelegate.h */,
				D71655A41CCE73FE003CE4B8 /* AppDelegate.m */,
				D71656A81CCE9862003CE4B8 /* PrefixHeader.pch */,
				D71656751CCE8F85003CE4B8 /* Classes */,
				D71655A01CCE73FE003CE4B8 /* Supporting Files */,
			);
			path = "GD超次元";
			sourceTree = "<group>";
		};
		D71655A01CCE73FE003CE4B8 /* Supporting Files */ = {
			isa = PBXGroup;
			children = (
				D71655AC1CCE73FE003CE4B8 /* Assets.xcassets */,
				D7803A2B1CD3C015001AD14C /* image */,
				D71655B11CCE73FE003CE4B8 /* Info.plist */,
				D71655A11CCE73FE003CE4B8 /* main.m */,
			);
			name = "Supporting Files";
			sourceTree = "<group>";
		};
		D71655B91CCE73FE003CE4B8 /* GD超次元Tests */ = {
			isa = PBXGroup;
			children = (
				D71655BA1CCE73FE003CE4B8 /* GD___Tests.m */,
				D71655BC1CCE73FE003CE4B8 /* Info.plist */,
			);
			path = "GD超次元Tests";
			sourceTree = "<group>";
		};
		D71655C41CCE73FE003CE4B8 /* GD超次元UITests */ = {
			isa = PBXGroup;
			children = (
				D71655C51CCE73FE003CE4B8 /* GD___UITests.m */,
				D71655C71CCE73FE003CE4B8 /* Info.plist */,
			);
			path = "GD超次元UITests";
			sourceTree = "<group>";
		};
		D71656751CCE8F85003CE4B8 /* Classes */ = {
			isa = PBXGroup;
			children = (
				D77D2AE21D153C6300C838D0 /* HomeManager */,
				D730D74A1D1306B800273EAA /* Other */,
				D7803A761CD3C295001AD14C /* Category */,
				D71656761CCE8F85003CE4B8 /* Library */,
				D716567A1CCE8F85003CE4B8 /* Module */,
				D71656951CCE8F85003CE4B8 /* Resource */,
				D71656961CCE8F85003CE4B8 /* Tools */,
			);
			path = Classes;
			sourceTree = "<group>";
		};
		D71656761CCE8F85003CE4B8 /* Library */ = {
			isa = PBXGroup;
			children = (
				D71656771CCE8F85003CE4B8 /* Controller */,
				D71656781CCE8F85003CE4B8 /* Model */,
				D71656791CCE8F85003CE4B8 /* View */,
			);
			path = Library;
			sourceTree = "<group>";
		};
		D71656771CCE8F85003CE4B8 /* Controller */ = {
			isa = PBXGroup;
			children = (
			);
			path = Controller;
			sourceTree = "<group>";
		};
		D71656781CCE8F85003CE4B8 /* Model */ = {
			isa = PBXGroup;
			children = (
			);
			path = Model;
			sourceTree = "<group>";
		};
		D71656791CCE8F85003CE4B8 /* View */ = {
			isa = PBXGroup;
			children = (
			);
			path = View;
			sourceTree = "<group>";
		};
		D716567A1CCE8F85003CE4B8 /* Module */ = {
			isa = PBXGroup;
			children = (
				D716569D1CCE9655003CE4B8 /* SettingControl */,
				D71656A11CCE9655003CE4B8 /* TimetableControl */,
				D716568B1CCE8F85003CE4B8 /* MainControl */,
				D716567B1CCE8F85003CE4B8 /* ClassControl */,
				D716567F1CCE8F85003CE4B8 /* CompositorControl */,
				D71656831CCE8F85003CE4B8 /* GroupControl */,
				D71656871CCE8F85003CE4B8 /* InformationControl */,
				D716568F1CCE8F85003CE4B8 /* SearchControl */,
			);
			path = Module;
			sourceTree = "<group>";
		};
		D716567B1CCE8F85003CE4B8 /* ClassControl */ = {
			isa = PBXGroup;
			children = (
				D716567C1CCE8F85003CE4B8 /* Controller */,
				D716567D1CCE8F85003CE4B8 /* Model */,
				D716567E1CCE8F85003CE4B8 /* View */,
			);
			path = ClassControl;
			sourceTree = "<group>";
		};
		D716567C1CCE8F85003CE4B8 /* Controller */ = {
			isa = PBXGroup;
			children = (
				D71656C01CCFC89A003CE4B8 /* GDClassTableViewController.h */,
				D71656C11CCFC89A003CE4B8 /* GDClassTableViewController.m */,
			);
			path = Controller;
			sourceTree = "<group>";
		};
		D716567D1CCE8F85003CE4B8 /* Model */ = {
			isa = PBXGroup;
			children = (
			);
			path = Model;
			sourceTree = "<group>";
		};
		D716567E1CCE8F85003CE4B8 /* View */ = {
			isa = PBXGroup;
			children = (
			);
			path = View;
			sourceTree = "<group>";
		};
		D716567F1CCE8F85003CE4B8 /* CompositorControl */ = {
			isa = PBXGroup;
			children = (
				D71656801CCE8F85003CE4B8 /* Controller */,
				D71656811CCE8F85003CE4B8 /* Model */,
				D71656821CCE8F85003CE4B8 /* View */,
			);
			path = CompositorControl;
			sourceTree = "<group>";
		};
		D71656801CCE8F85003CE4B8 /* Controller */ = {
			isa = PBXGroup;
			children = (
				D71656C91CCFC9DB003CE4B8 /* GDCompositorTableViewController.h */,
				D71656CA1CCFC9DB003CE4B8 /* GDCompositorTableViewController.m */,
			);
			path = Controller;
			sourceTree = "<group>";
		};
		D71656811CCE8F85003CE4B8 /* Model */ = {
			isa = PBXGroup;
			children = (
			);
			path = Model;
			sourceTree = "<group>";
		};
		D71656821CCE8F85003CE4B8 /* View */ = {
			isa = PBXGroup;
			children = (
			);
			path = View;
			sourceTree = "<group>";
		};
		D71656831CCE8F85003CE4B8 /* GroupControl */ = {
			isa = PBXGroup;
			children = (
				D71656841CCE8F85003CE4B8 /* Controller */,
				D71656851CCE8F85003CE4B8 /* Model */,
				D71656861CCE8F85003CE4B8 /* View */,
			);
			path = GroupControl;
			sourceTree = "<group>";
		};
		D71656841CCE8F85003CE4B8 /* Controller */ = {
			isa = PBXGroup;
			children = (
				D71656C61CCFC952003CE4B8 /* GDGroupViewController.h */,
				D71656C71CCFC952003CE4B8 /* GDGroupViewController.m */,
			);
			path = Controller;
			sourceTree = "<group>";
		};
		D71656851CCE8F85003CE4B8 /* Model */ = {
			isa = PBXGroup;
			children = (
			);
			path = Model;
			sourceTree = "<group>";
		};
		D71656861CCE8F85003CE4B8 /* View */ = {
			isa = PBXGroup;
			children = (
			);
			path = View;
			sourceTree = "<group>";
		};
		D71656871CCE8F85003CE4B8 /* InformationControl */ = {
			isa = PBXGroup;
			children = (
				D71656881CCE8F85003CE4B8 /* Controller */,
				D71656891CCE8F85003CE4B8 /* Model */,
				D716568A1CCE8F85003CE4B8 /* View */,
			);
			path = InformationControl;
			sourceTree = "<group>";
		};
		D71656881CCE8F85003CE4B8 /* Controller */ = {
			isa = PBXGroup;
			children = (
				D71656C31CCFC918003CE4B8 /* GDInformationTableViewController.h */,
				D71656C41CCFC918003CE4B8 /* GDInformationTableViewController.m */,
			);
			path = Controller;
			sourceTree = "<group>";
		};
		D71656891CCE8F85003CE4B8 /* Model */ = {
			isa = PBXGroup;
			children = (
			);
			path = Model;
			sourceTree = "<group>";
		};
		D716568A1CCE8F85003CE4B8 /* View */ = {
			isa = PBXGroup;
			children = (
			);
			path = View;
			sourceTree = "<group>";
		};
		D716568B1CCE8F85003CE4B8 /* MainControl */ = {
			isa = PBXGroup;
			children = (
				D716568C1CCE8F85003CE4B8 /* Controller */,
				D716568D1CCE8F85003CE4B8 /* Model */,
				D716568E1CCE8F85003CE4B8 /* View */,
			);
			path = MainControl;
			sourceTree = "<group>";
		};
		D716568C1CCE8F85003CE4B8 /* Controller */ = {
			isa = PBXGroup;
			children = (
				D716569A1CCE918E003CE4B8 /* GDMainViewController.h */,
				D716569B1CCE918E003CE4B8 /* GDMainViewController.m */,
			);
			path = Controller;
			sourceTree = "<group>";
		};
		D716568D1CCE8F85003CE4B8 /* Model */ = {
			isa = PBXGroup;
			children = (
				D71656CF1CCFE00A003CE4B8 /* GDRequestMCDataModel.h */,
				D71656D01CCFE00A003CE4B8 /* GDRequestMCDataModel.m */,
			);
			path = Model;
			sourceTree = "<group>";
		};
		D716568E1CCE8F85003CE4B8 /* View */ = {
			isa = PBXGroup;
			children = (
				D78039E11CD3BE56001AD14C /* GDNavigationViewController.h */,
				D78039E21CD3BE56001AD14C /* GDNavigationViewController.m */,
				D7803A721CD3C0C4001AD14C /* GDBarButtonItem.h */,
				D7803A731CD3C0C4001AD14C /* GDBarButtonItem.m */,
				D7D9839F1D1822050027FAF6 /* GDMainViewTableViewCell.h */,
				D7D983A01D1822050027FAF6 /* GDMainViewTableViewCell.m */,
			);
			path = View;
			sourceTree = "<group>";
		};
		D716568F1CCE8F85003CE4B8 /* SearchControl */ = {
			isa = PBXGroup;
			children = (
				D71656901CCE8F85003CE4B8 /* Controller */,
				D71656911CCE8F85003CE4B8 /* Model */,
				D71656921CCE8F85003CE4B8 /* View */,
			);
			path = SearchControl;
			sourceTree = "<group>";
		};
		D71656901CCE8F85003CE4B8 /* Controller */ = {
			isa = PBXGroup;
			children = (
			);
			path = Controller;
			sourceTree = "<group>";
		};
		D71656911CCE8F85003CE4B8 /* Model */ = {
			isa = PBXGroup;
			children = (
			);
			path = Model;
			sourceTree = "<group>";
		};
		D71656921CCE8F85003CE4B8 /* View */ = {
			isa = PBXGroup;
			children = (
			);
			path = View;
			sourceTree = "<group>";
		};
		D71656951CCE8F85003CE4B8 /* Resource */ = {
			isa = PBXGroup;
			children = (
				D7D983DC1D18E7340027FAF6 /* AFNetworking */,
			);
			path = Resource;
			sourceTree = "<group>";
		};
		D71656961CCE8F85003CE4B8 /* Tools */ = {
			isa = PBXGroup;
			children = (
			);
			path = Tools;
			sourceTree = "<group>";
		};
		D716569D1CCE9655003CE4B8 /* SettingControl */ = {
			isa = PBXGroup;
			children = (
				D716569E1CCE9655003CE4B8 /* Controller */,
				D716569F1CCE9655003CE4B8 /* Model */,
				D71656A01CCE9655003CE4B8 /* View */,
			);
			path = SettingControl;
			sourceTree = "<group>";
		};
		D716569E1CCE9655003CE4B8 /* Controller */ = {
			isa = PBXGroup;
			children = (
				D71656A51CCE9699003CE4B8 /* GDSetingViewController.h */,
				D71656A61CCE9699003CE4B8 /* GDSetingViewController.m */,
			);
			path = Controller;
			sourceTree = "<group>";
		};
		D716569F1CCE9655003CE4B8 /* Model */ = {
			isa = PBXGroup;
			children = (
			);
			path = Model;
			sourceTree = "<group>";
		};
		D71656A01CCE9655003CE4B8 /* View */ = {
			isa = PBXGroup;
			children = (
			);
			path = View;
			sourceTree = "<group>";
		};
		D71656A11CCE9655003CE4B8 /* TimetableControl */ = {
			isa = PBXGroup;
			children = (
				D71656A21CCE9655003CE4B8 /* Controller */,
				D71656A31CCE9655003CE4B8 /* Model */,
				D71656A41CCE9655003CE4B8 /* View */,
			);
			path = TimetableControl;
			sourceTree = "<group>";
		};
		D71656A21CCE9655003CE4B8 /* Controller */ = {
			isa = PBXGroup;
			children = (
			);
			path = Controller;
			sourceTree = "<group>";
		};
		D71656A31CCE9655003CE4B8 /* Model */ = {
			isa = PBXGroup;
			children = (
			);
			path = Model;
			sourceTree = "<group>";
		};
		D71656A41CCE9655003CE4B8 /* View */ = {
			isa = PBXGroup;
			children = (
			);
			path = View;
			sourceTree = "<group>";
		};
		D730D74A1D1306B800273EAA /* Other */ = {
			isa = PBXGroup;
			children = (
				D730D74B1D1306B800273EAA /* Controller */,
				D730D74C1D1306B800273EAA /* Model */,
				D730D74D1D1306B800273EAA /* View */,
			);
			path = Other;
			sourceTree = "<group>";
		};
		D730D74B1D1306B800273EAA /* Controller */ = {
			isa = PBXGroup;
			children = (
				D730D74E1D13088A00273EAA /* GDTabBarController.h */,
				D730D74F1D13088A00273EAA /* GDTabBarController.m */,
			);
			path = Controller;
			sourceTree = "<group>";
		};
		D730D74C1D1306B800273EAA /* Model */ = {
			isa = PBXGroup;
			children = (
			);
			path = Model;
			sourceTree = "<group>";
		};
		D730D74D1D1306B800273EAA /* View */ = {
			isa = PBXGroup;
			children = (
			);
			path = View;
			sourceTree = "<group>";
		};
		D77D2AE21D153C6300C838D0 /* HomeManager */ = {
			isa = PBXGroup;
			children = (
				D77D2AE31D177CA200C838D0 /* GDHomeManager.h */,
				D77D2AE41D177CA200C838D0 /* GDHomeManager.m */,
			);
			path = HomeManager;
			sourceTree = "<group>";
		};
		D7803A2B1CD3C015001AD14C /* image */ = {
			isa = PBXGroup;
			children = (
				D7803A2C1CD3C015001AD14C /* bg_head_allGroup@2x.png */,
				D7803A2D1CD3C015001AD14C /* bg_head_myGroup@2x.png */,
				D7803A2E1CD3C015001AD14C /* clean@2x.png */,
				D7803A2F1CD3C015001AD14C /* clock@2x.png */,
				D7803A301CD3C015001AD14C /* clock_hover@2x.png */,
				D7803A311CD3C015001AD14C /* glass@2x.png */,
				D7803A321CD3C015001AD14C /* glass_hover@2x.png */,
				D7803A331CD3C015001AD14C /* line_index@2x.png */,
				D7803A341CD3C015001AD14C /* name1@2x.png */,
				D7803A351CD3C015001AD14C /* name1_hover@2x.png */,
				D7803A361CD3C015001AD14C /* name2@2x.png */,
				D7803A371CD3C015001AD14C /* name2_hover@2x.png */,
				D7803A381CD3C015001AD14C /* name3@2x.png */,
				D7803A391CD3C015001AD14C /* name3_hover@2x.png */,
				D7803A3A1CD3C015001AD14C /* name4@2x.png */,
				D7803A3B1CD3C015001AD14C /* name4_hover@2x.png */,
				D7803A3C1CD3C015001AD14C /* name5@2x.png */,
				D7803A3D1CD3C015001AD14C /* name5_hover@2x.png */,
				D7803A3E1CD3C015001AD14C /* name6@2x.png */,
				D7803A3F1CD3C015001AD14C /* name6_hover@2x.png */,
				D7803A401CD3C015001AD14C /* name7@2x.png */,
				D7803A411CD3C015001AD14C /* name7_hover@2x.png */,
				D7803A421CD3C015001AD14C /* new_logo@2x.png */,
				D7803A431CD3C015001AD14C /* new_top@2x.png */,
				D7803A441CD3C015001AD14C /* sc@2x.png */,
				D7803A451CD3C015001AD14C /* sc_hover@2x.png */,
				D7803A461CD3C015001AD14C /* searchnew@2x.png */,
				D7803A471CD3C015001AD14C /* set@2x.png */,
				D7803A481CD3C015001AD14C /* set_hover@2x.png */,
				D7803A491CD3C015001AD14C /* user_btn1@2x.png */,
				D7803A4A1CD3C015001AD14C /* user_btn2@2x.png */,
				D7803A4B1CD3C015001AD14C /* user_btn3@2x.png */,
				D7803A4C1CD3C015001AD14C /* user_btn4@2x.png */,
				D7803A4D1CD3C015001AD14C /* user_btn5@2x.png */,
				D7803A4E1CD3C015001AD14C /* videoranktitle@2x.png */,
			);
			path = image;
			sourceTree = "<group>";
		};
		D7803A761CD3C295001AD14C /* Category */ = {
			isa = PBXGroup;
			children = (
				D7D983A21D18DFC50027FAF6 /* LORequestManger.h */,
				D7D983A31D18DFC50027FAF6 /* LORequestManger.m */,
				D77D2ADF1D1535DC00C838D0 /* NSObject+Log.h */,
				D77D2AE01D1535DC00C838D0 /* NSObject+Log.m */,
				D7803A7A1CD3C2F5001AD14C /* UIView+GDSize.h */,
				D7803A7B1CD3C2F5001AD14C /* UIView+GDSize.m */,
			);
			path = Category;
			sourceTree = "<group>";
		};
		D7D983DC1D18E7340027FAF6 /* AFNetworking */ = {
			isa = PBXGroup;
			children = (
				D7D983DD1D18E7340027FAF6 /* AFHTTPRequestOperation.h */,
				D7D983DE1D18E7340027FAF6 /* AFHTTPRequestOperation.m */,
				D7D983DF1D18E7340027FAF6 /* AFHTTPRequestOperationManager.h */,
				D7D983E01D18E7340027FAF6 /* AFHTTPRequestOperationManager.m */,
				D7D983E11D18E7340027FAF6 /* AFHTTPSessionManager.h */,
				D7D983E21D18E7340027FAF6 /* AFHTTPSessionManager.m */,
				D7D983E31D18E7340027FAF6 /* AFNetworking.h */,
				D7D983E41D18E7340027FAF6 /* AFNetworkReachabilityManager.h */,
				D7D983E51D18E7340027FAF6 /* AFNetworkReachabilityManager.m */,
				D7D983E61D18E7340027FAF6 /* AFSecurityPolicy.h */,
				D7D983E71D18E7340027FAF6 /* AFSecurityPolicy.m */,
				D7D983E81D18E7340027FAF6 /* AFURLConnectionOperation.h */,
				D7D983E91D18E7340027FAF6 /* AFURLConnectionOperation.m */,
				D7D983EA1D18E7340027FAF6 /* AFURLRequestSerialization.h */,
				D7D983EB1D18E7340027FAF6 /* AFURLRequestSerialization.m */,
				D7D983EC1D18E7340027FAF6 /* AFURLResponseSerialization.h */,
				D7D983ED1D18E7340027FAF6 /* AFURLResponseSerialization.m */,
				D7D983EE1D18E7340027FAF6 /* AFURLSessionManager.h */,
				D7D983EF1D18E7340027FAF6 /* AFURLSessionManager.m */,
				D7D983F01D18E7340027FAF6 /* UIKit+AFNetworking */,
			);
			path = AFNetworking;
			sourceTree = "<group>";
		};
		D7D983F01D18E7340027FAF6 /* UIKit+AFNetworking */ = {
			isa = PBXGroup;
			children = (
				D7D983F11D18E7340027FAF6 /* AFNetworkActivityIndicatorManager.h */,
				D7D983F21D18E7340027FAF6 /* AFNetworkActivityIndicatorManager.m */,
				D7D983F31D18E7340027FAF6 /* UIActivityIndicatorView+AFNetworking.h */,
				D7D983F41D18E7340027FAF6 /* UIActivityIndicatorView+AFNetworking.m */,
				D7D983F51D18E7340027FAF6 /* UIAlertView+AFNetworking.h */,
				D7D983F61D18E7340027FAF6 /* UIAlertView+AFNetworking.m */,
				D7D983F71D18E7340027FAF6 /* UIButton+AFNetworking.h */,
				D7D983F81D18E7340027FAF6 /* UIButton+AFNetworking.m */,
				D7D983F91D18E7340027FAF6 /* UIImageView+AFNetworking.h */,
				D7D983FA1D18E7340027FAF6 /* UIImageView+AFNetworking.m */,
				D7D983FB1D18E7340027FAF6 /* UIKit+AFNetworking.h */,
				D7D983FC1D18E7340027FAF6 /* UIProgressView+AFNetworking.h */,
				D7D983FD1D18E7340027FAF6 /* UIProgressView+AFNetworking.m */,
				D7D983FE1D18E7340027FAF6 /* UIRefreshControl+AFNetworking.h */,
				D7D983FF1D18E7340027FAF6 /* UIRefreshControl+AFNetworking.m */,
				D7D984001D18E7340027FAF6 /* UIWebView+AFNetworking.h */,
				D7D984011D18E7340027FAF6 /* UIWebView+AFNetworking.m */,
			);
			path = "UIKit+AFNetworking";
			sourceTree = "<group>";
		};
/* End PBXGroup section */

/* Begin PBXNativeTarget section */
		D716559C1CCE73FE003CE4B8 /* GD超次元 */ = {
			isa = PBXNativeTarget;
			buildConfigurationList = D71655CA1CCE73FE003CE4B8 /* Build configuration list for PBXNativeTarget "GD超次元" */;
			buildPhases = (
				AEF736E6BF4351D0ECA2EB89 /* 📦 Check Pods Manifest.lock */,
				D71655991CCE73FE003CE4B8 /* Sources */,
				D716559A1CCE73FE003CE4B8 /* Frameworks */,
				D716559B1CCE73FE003CE4B8 /* Resources */,
				619B50D525893A7A07AE4CB6 /* 📦 Embed Pods Frameworks */,
				3ADA7F0E859D4A4076D5A685 /* 📦 Copy Pods Resources */,
			);
			buildRules = (
			);
			dependencies = (
			);
			name = "GD超次元";
			productName = "GD超次元";
			productReference = D716559D1CCE73FE003CE4B8 /* GD超次元.app */;
			productType = "com.apple.product-type.application";
		};
		D71655B51CCE73FE003CE4B8 /* GD超次元Tests */ = {
			isa = PBXNativeTarget;
			buildConfigurationList = D71655CD1CCE73FE003CE4B8 /* Build configuration list for PBXNativeTarget "GD超次元Tests" */;
			buildPhases = (
				C7D8638ED40A6E29ABEDC1B8 /* 📦 Check Pods Manifest.lock */,
				D71655B21CCE73FE003CE4B8 /* Sources */,
				D71655B31CCE73FE003CE4B8 /* Frameworks */,
				D71655B41CCE73FE003CE4B8 /* Resources */,
				3B1A6402F702F0E985162991 /* 📦 Embed Pods Frameworks */,
				038D2CE8B6CEDEC950C9EBCD /* 📦 Copy Pods Resources */,
			);
			buildRules = (
			);
			dependencies = (
				D71655B81CCE73FE003CE4B8 /* PBXTargetDependency */,
			);
			name = "GD超次元Tests";
			productName = "GD超次元Tests";
			productReference = D71655B61CCE73FE003CE4B8 /* GD超次元Tests.xctest */;
			productType = "com.apple.product-type.bundle.unit-test";
		};
		D71655C01CCE73FE003CE4B8 /* GD超次元UITests */ = {
			isa = PBXNativeTarget;
			buildConfigurationList = D71655D01CCE73FE003CE4B8 /* Build configuration list for PBXNativeTarget "GD超次元UITests" */;
			buildPhases = (
				F47A21C2230351F312C53DF6 /* 📦 Check Pods Manifest.lock */,
				D71655BD1CCE73FE003CE4B8 /* Sources */,
				D71655BE1CCE73FE003CE4B8 /* Frameworks */,
				D71655BF1CCE73FE003CE4B8 /* Resources */,
				7ED7AF76023AE3E231540929 /* 📦 Copy Pods Resources */,
			);
			buildRules = (
			);
			dependencies = (
				D71655C31CCE73FE003CE4B8 /* PBXTargetDependency */,
			);
			name = "GD超次元UITests";
			productName = "GD超次元UITests";
			productReference = D71655C11CCE73FE003CE4B8 /* GD超次元UITests.xctest */;
			productType = "com.apple.product-type.bundle.ui-testing";
		};
/* End PBXNativeTarget section */

/* Begin PBXProject section */
		D71655951CCE73FE003CE4B8 /* Project object */ = {
			isa = PBXProject;
			attributes = {
				CLASSPREFIX = GD;
				LastUpgradeCheck = 0710;
				ORGANIZATIONNAME = gdarkness;
				TargetAttributes = {
					D716559C1CCE73FE003CE4B8 = {
						CreatedOnToolsVersion = 7.1.1;
						DevelopmentTeam = G2BPN3PRN4;
					};
					D71655B51CCE73FE003CE4B8 = {
						CreatedOnToolsVersion = 7.1.1;
						DevelopmentTeam = G2BPN3PRN4;
						TestTargetID = D716559C1CCE73FE003CE4B8;
					};
					D71655C01CCE73FE003CE4B8 = {
						CreatedOnToolsVersion = 7.1.1;
						DevelopmentTeam = G2BPN3PRN4;
						TestTargetID = D716559C1CCE73FE003CE4B8;
					};
				};
			};
			buildConfigurationList = D71655981CCE73FE003CE4B8 /* Build configuration list for PBXProject "GD超次元" */;
			compatibilityVersion = "Xcode 3.2";
			developmentRegion = English;
			hasScannedForEncodings = 0;
			knownRegions = (
				en,
				Base,
			);
			mainGroup = D71655941CCE73FE003CE4B8;
			productRefGroup = D716559E1CCE73FE003CE4B8 /* Products */;
			projectDirPath = "";
			projectRoot = "";
			targets = (
				D716559C1CCE73FE003CE4B8 /* GD超次元 */,
				D71655B51CCE73FE003CE4B8 /* GD超次元Tests */,
				D71655C01CCE73FE003CE4B8 /* GD超次元UITests */,
			);
		};
/* End PBXProject section */

/* Begin PBXResourcesBuildPhase section */
		D716559B1CCE73FE003CE4B8 /* Resources */ = {
			isa = PBXResourcesBuildPhase;
			buildActionMask = 2147483647;
			files = (
				D7803A5E1CD3C015001AD14C /* name4_hover@2x.png in Resources */,
				D7803A631CD3C015001AD14C /* name7@2x.png in Resources */,
				D7803A591CD3C015001AD14C /* name2@2x.png in Resources */,
				D7803A681CD3C015001AD14C /* sc_hover@2x.png in Resources */,
				D7803A5C1CD3C015001AD14C /* name3_hover@2x.png in Resources */,
				D7803A6A1CD3C015001AD14C /* set@2x.png in Resources */,
				D71655AD1CCE73FE003CE4B8 /* Assets.xcassets in Resources */,
				D7803A661CD3C015001AD14C /* new_top@2x.png in Resources */,
				D7803A541CD3C015001AD14C /* glass@2x.png in Resources */,
				D7803A601CD3C015001AD14C /* name5_hover@2x.png in Resources */,
				D7803A571CD3C015001AD14C /* name1@2x.png in Resources */,
				D7803A611CD3C015001AD14C /* name6@2x.png in Resources */,
				D7803A6C1CD3C015001AD14C /* user_btn1@2x.png in Resources */,
				D7803A5F1CD3C015001AD14C /* name5@2x.png in Resources */,
				D7803A671CD3C015001AD14C /* sc@2x.png in Resources */,
				D7803A501CD3C015001AD14C /* bg_head_myGroup@2x.png in Resources */,
				D7803A641CD3C015001AD14C /* name7_hover@2x.png in Resources */,
				D7803A711CD3C015001AD14C /* videoranktitle@2x.png in Resources */,
				D7803A6E1CD3C015001AD14C /* user_btn3@2x.png in Resources */,
				D7803A5D1CD3C015001AD14C /* name4@2x.png in Resources */,
				D7803A521CD3C015001AD14C /* clock@2x.png in Resources */,
				D7803A701CD3C015001AD14C /* user_btn5@2x.png in Resources */,
				D7803A6D1CD3C015001AD14C /* user_btn2@2x.png in Resources */,
				D7803A691CD3C015001AD14C /* searchnew@2x.png in Resources */,
				D7803A581CD3C015001AD14C /* name1_hover@2x.png in Resources */,
				D7803A551CD3C015001AD14C /* glass_hover@2x.png in Resources */,
				D7803A651CD3C015001AD14C /* new_logo@2x.png in Resources */,
				D7803A621CD3C015001AD14C /* name6_hover@2x.png in Resources */,
				D7803A511CD3C015001AD14C /* clean@2x.png in Resources */,
				D7803A531CD3C015001AD14C /* clock_hover@2x.png in Resources */,
				D7803A5A1CD3C015001AD14C /* name2_hover@2x.png in Resources */,
				D7803A6F1CD3C015001AD14C /* user_btn4@2x.png in Resources */,
				D7803A6B1CD3C015001AD14C /* set_hover@2x.png in Resources */,
				D7803A5B1CD3C015001AD14C /* name3@2x.png in Resources */,
				D7803A561CD3C015001AD14C /* line_index@2x.png in Resources */,
				D7803A4F1CD3C015001AD14C /* bg_head_allGroup@2x.png in Resources */,
			);
			runOnlyForDeploymentPostprocessing = 0;
		};
		D71655B41CCE73FE003CE4B8 /* Resources */ = {
			isa = PBXResourcesBuildPhase;
			buildActionMask = 2147483647;
			files = (
			);
			runOnlyForDeploymentPostprocessing = 0;
		};
		D71655BF1CCE73FE003CE4B8 /* Resources */ = {
			isa = PBXResourcesBuildPhase;
			buildActionMask = 2147483647;
			files = (
			);
			runOnlyForDeploymentPostprocessing = 0;
		};
/* End PBXResourcesBuildPhase section */

/* Begin PBXShellScriptBuildPhase section */
		038D2CE8B6CEDEC950C9EBCD /* 📦 Copy Pods Resources */ = {
			isa = PBXShellScriptBuildPhase;
			buildActionMask = 2147483647;
			files = (
			);
			inputPaths = (
			);
			name = "📦 Copy Pods Resources";
			outputPaths = (
			);
			runOnlyForDeploymentPostprocessing = 0;
			shellPath = /bin/sh;
			shellScript = "\"${SRCROOT}/Pods/Target Support Files/Pods-GD超次元Tests/Pods-GD超次元Tests-resources.sh\"\n";
			showEnvVarsInLog = 0;
		};
		3ADA7F0E859D4A4076D5A685 /* 📦 Copy Pods Resources */ = {
			isa = PBXShellScriptBuildPhase;
			buildActionMask = 2147483647;
			files = (
			);
			inputPaths = (
			);
			name = "📦 Copy Pods Resources";
			outputPaths = (
			);
			runOnlyForDeploymentPostprocessing = 0;
			shellPath = /bin/sh;
			shellScript = "\"${SRCROOT}/Pods/Target Support Files/Pods-GD超次元/Pods-GD超次元-resources.sh\"\n";
			showEnvVarsInLog = 0;
		};
		3B1A6402F702F0E985162991 /* 📦 Embed Pods Frameworks */ = {
			isa = PBXShellScriptBuildPhase;
			buildActionMask = 2147483647;
			files = (
			);
			inputPaths = (
			);
			name = "📦 Embed Pods Frameworks";
			outputPaths = (
			);
			runOnlyForDeploymentPostprocessing = 0;
			shellPath = /bin/sh;
			shellScript = "\"${SRCROOT}/Pods/Target Support Files/Pods-GD超次元Tests/Pods-GD超次元Tests-frameworks.sh\"\n";
			showEnvVarsInLog = 0;
		};
		619B50D525893A7A07AE4CB6 /* 📦 Embed Pods Frameworks */ = {
			isa = PBXShellScriptBuildPhase;
			buildActionMask = 2147483647;
			files = (
			);
			inputPaths = (
			);
			name = "📦 Embed Pods Frameworks";
			outputPaths = (
			);
			runOnlyForDeploymentPostprocessing = 0;
			shellPath = /bin/sh;
			shellScript = "\"${SRCROOT}/Pods/Target Support Files/Pods-GD超次元/Pods-GD超次元-frameworks.sh\"\n";
			showEnvVarsInLog = 0;
		};
		7ED7AF76023AE3E231540929 /* 📦 Copy Pods Resources */ = {
			isa = PBXShellScriptBuildPhase;
			buildActionMask = 2147483647;
			files = (
			);
			inputPaths = (
			);
			name = "📦 Copy Pods Resources";
			outputPaths = (
			);
			runOnlyForDeploymentPostprocessing = 0;
			shellPath = /bin/sh;
			shellScript = "\"${SRCROOT}/Pods/Target Support Files/Pods-GD超次元UITests/Pods-GD超次元UITests-resources.sh\"\n";
			showEnvVarsInLog = 0;
		};
		AEF736E6BF4351D0ECA2EB89 /* 📦 Check Pods Manifest.lock */ = {
			isa = PBXShellScriptBuildPhase;
			buildActionMask = 2147483647;
			files = (
			);
			inputPaths = (
			);
			name = "📦 Check Pods Manifest.lock";
			outputPaths = (
			);
			runOnlyForDeploymentPostprocessing = 0;
			shellPath = /bin/sh;
			shellScript = "diff \"${PODS_ROOT}/../Podfile.lock\" \"${PODS_ROOT}/Manifest.lock\" > /dev/null\nif [[ $? != 0 ]] ; then\n    cat << EOM\nerror: The sandbox is not in sync with the Podfile.lock. Run 'pod install' or update your CocoaPods installation.\nEOM\n    exit 1\nfi\n";
			showEnvVarsInLog = 0;
		};
		C7D8638ED40A6E29ABEDC1B8 /* 📦 Check Pods Manifest.lock */ = {
			isa = PBXShellScriptBuildPhase;
			buildActionMask = 2147483647;
			files = (
			);
			inputPaths = (
			);
			name = "📦 Check Pods Manifest.lock";
			outputPaths = (
			);
			runOnlyForDeploymentPostprocessing = 0;
			shellPath = /bin/sh;
			shellScript = "diff \"${PODS_ROOT}/../Podfile.lock\" \"${PODS_ROOT}/Manifest.lock\" > /dev/null\nif [[ $? != 0 ]] ; then\n    cat << EOM\nerror: The sandbox is not in sync with the Podfile.lock. Run 'pod install' or update your CocoaPods installation.\nEOM\n    exit 1\nfi\n";
			showEnvVarsInLog = 0;
		};
		F47A21C2230351F312C53DF6 /* 📦 Check Pods Manifest.lock */ = {
			isa = PBXShellScriptBuildPhase;
			buildActionMask = 2147483647;
			files = (
			);
			inputPaths = (
			);
			name = "📦 Check Pods Manifest.lock";
			outputPaths = (
			);
			runOnlyForDeploymentPostprocessing = 0;
			shellPath = /bin/sh;
			shellScript = "diff \"${PODS_ROOT}/../Podfile.lock\" \"${PODS_ROOT}/Manifest.lock\" > /dev/null\nif [[ $? != 0 ]] ; then\n    cat << EOM\nerror: The sandbox is not in sync with the Podfile.lock. Run 'pod install' or update your CocoaPods installation.\nEOM\n    exit 1\nfi\n";
			showEnvVarsInLog = 0;
		};
/* End PBXShellScriptBuildPhase section */

/* Begin PBXSourcesBuildPhase section */
		D71655991CCE73FE003CE4B8 /* Sources */ = {
			isa = PBXSourcesBuildPhase;
			buildActionMask = 2147483647;
			files = (
				D7D984101D18E7340027FAF6 /* UIProgressView+AFNetworking.m in Sources */,
				D7D9840F1D18E7340027FAF6 /* UIImageView+AFNetworking.m in Sources */,
				D7D984021D18E7340027FAF6 /* AFHTTPRequestOperation.m in Sources */,
				D716569C1CCE918E003CE4B8 /* GDMainViewController.m in Sources */,
				D71656C81CCFC952003CE4B8 /* GDGroupViewController.m in Sources */,
				D7D983A11D1822050027FAF6 /* GDMainViewTableViewCell.m in Sources */,
				D77D2AE11D1535DC00C838D0 /* NSObject+Log.m in Sources */,
				D71656C21CCFC89A003CE4B8 /* GDClassTableViewController.m in Sources */,
				D7D9840C1D18E7340027FAF6 /* UIActivityIndicatorView+AFNetworking.m in Sources */,
				D71656C51CCFC918003CE4B8 /* GDInformationTableViewController.m in Sources */,
				D7D984121D18E7340027FAF6 /* UIWebView+AFNetworking.m in Sources */,
				D7D984041D18E7340027FAF6 /* AFHTTPSessionManager.m in Sources */,
				D7D9840B1D18E7340027FAF6 /* AFNetworkActivityIndicatorManager.m in Sources */,
				D71656D11CCFE00A003CE4B8 /* GDRequestMCDataModel.m in Sources */,
				D7D9840D1D18E7340027FAF6 /* UIAlertView+AFNetworking.m in Sources */,
				D71655A51CCE73FE003CE4B8 /* AppDelegate.m in Sources */,
				D7D984051D18E7340027FAF6 /* AFNetworkReachabilityManager.m in Sources */,
				D7D9840A1D18E7340027FAF6 /* AFURLSessionManager.m in Sources */,
				D78039E31CD3BE56001AD14C /* GDNavigationViewController.m in Sources */,
				D7803A741CD3C0C4001AD14C /* GDBarButtonItem.m in Sources */,
				D7D984071D18E7340027FAF6 /* AFURLConnectionOperation.m in Sources */,
				D7D984091D18E7340027FAF6 /* AFURLResponseSerialization.m in Sources */,
				D7D983A41D18DFC50027FAF6 /* LORequestManger.m in Sources */,
				D7D984081D18E7340027FAF6 /* AFURLRequestSerialization.m in Sources */,
				D77D2AE51D177CA200C838D0 /* GDHomeManager.m in Sources */,
				D730D7501D13088A00273EAA /* GDTabBarController.m in Sources */,
				D71656CB1CCFC9DB003CE4B8 /* GDCompositorTableViewController.m in Sources */,
				D7803A7C1CD3C2F5001AD14C /* UIView+GDSize.m in Sources */,
				D71655A21CCE73FE003CE4B8 /* main.m in Sources */,
				D7D9840E1D18E7340027FAF6 /* UIButton+AFNetworking.m in Sources */,
				D7D984111D18E7340027FAF6 /* UIRefreshControl+AFNetworking.m in Sources */,
				D7D984031D18E7340027FAF6 /* AFHTTPRequestOperationManager.m in Sources */,
				D7D984061D18E7340027FAF6 /* AFSecurityPolicy.m in Sources */,
				D71656A71CCE9699003CE4B8 /* GDSetingViewController.m in Sources */,
			);
			runOnlyForDeploymentPostprocessing = 0;
		};
		D71655B21CCE73FE003CE4B8 /* Sources */ = {
			isa = PBXSourcesBuildPhase;
			buildActionMask = 2147483647;
			files = (
				D71655BB1CCE73FE003CE4B8 /* GD___Tests.m in Sources */,
			);
			runOnlyForDeploymentPostprocessing = 0;
		};
		D71655BD1CCE73FE003CE4B8 /* Sources */ = {
			isa = PBXSourcesBuildPhase;
			buildActionMask = 2147483647;
			files = (
				D71655C61CCE73FE003CE4B8 /* GD___UITests.m in Sources */,
			);
			runOnlyForDeploymentPostprocessing = 0;
		};
/* End PBXSourcesBuildPhase section */

/* Begin PBXTargetDependency section */
		D71655B81CCE73FE003CE4B8 /* PBXTargetDependency */ = {
			isa = PBXTargetDependency;
			target = D716559C1CCE73FE003CE4B8 /* GD超次元 */;
			targetProxy = D71655B71CCE73FE003CE4B8 /* PBXContainerItemProxy */;
		};
		D71655C31CCE73FE003CE4B8 /* PBXTargetDependency */ = {
			isa = PBXTargetDependency;
			target = D716559C1CCE73FE003CE4B8 /* GD超次元 */;
			targetProxy = D71655C21CCE73FE003CE4B8 /* PBXContainerItemProxy */;
		};
/* End PBXTargetDependency section */

/* Begin XCBuildConfiguration section */
		D71655C81CCE73FE003CE4B8 /* Debug */ = {
			isa = XCBuildConfiguration;
			buildSettings = {
				ALWAYS_SEARCH_USER_PATHS = NO;
				CLANG_CXX_LANGUAGE_STANDARD = "gnu++0x";
				CLANG_CXX_LIBRARY = "libc++";
				CLANG_ENABLE_MODULES = YES;
				CLANG_ENABLE_OBJC_ARC = YES;
				CLANG_WARN_BOOL_CONVERSION = YES;
				CLANG_WARN_CONSTANT_CONVERSION = YES;
				CLANG_WARN_DIRECT_OBJC_ISA_USAGE = YES_ERROR;
				CLANG_WARN_EMPTY_BODY = YES;
				CLANG_WARN_ENUM_CONVERSION = YES;
				CLANG_WARN_INT_CONVERSION = YES;
				CLANG_WARN_OBJC_ROOT_CLASS = YES_ERROR;
				CLANG_WARN_UNREACHABLE_CODE = YES;
				CLANG_WARN__DUPLICATE_METHOD_MATCH = YES;
				"CODE_SIGN_IDENTITY[sdk=iphoneos*]" = "iPhone Developer";
				COPY_PHASE_STRIP = NO;
				DEBUG_INFORMATION_FORMAT = dwarf;
				ENABLE_STRICT_OBJC_MSGSEND = YES;
				ENABLE_TESTABILITY = YES;
				GCC_C_LANGUAGE_STANDARD = gnu99;
				GCC_DYNAMIC_NO_PIC = NO;
				GCC_NO_COMMON_BLOCKS = YES;
				GCC_OPTIMIZATION_LEVEL = 0;
				GCC_PREPROCESSOR_DEFINITIONS = (
					"DEBUG=1",
					"$(inherited)",
				);
				GCC_WARN_64_TO_32_BIT_CONVERSION = YES;
				GCC_WARN_ABOUT_RETURN_TYPE = YES_ERROR;
				GCC_WARN_UNDECLARED_SELECTOR = YES;
				GCC_WARN_UNINITIALIZED_AUTOS = YES_AGGRESSIVE;
				GCC_WARN_UNUSED_FUNCTION = YES;
				GCC_WARN_UNUSED_VARIABLE = YES;
				IPHONEOS_DEPLOYMENT_TARGET = 9.1;
				MTL_ENABLE_DEBUG_INFO = YES;
				ONLY_ACTIVE_ARCH = YES;
				SDKROOT = iphoneos;
			};
			name = Debug;
		};
		D71655C91CCE73FE003CE4B8 /* Release */ = {
			isa = XCBuildConfiguration;
			buildSettings = {
				ALWAYS_SEARCH_USER_PATHS = NO;
				CLANG_CXX_LANGUAGE_STANDARD = "gnu++0x";
				CLANG_CXX_LIBRARY = "libc++";
				CLANG_ENABLE_MODULES = YES;
				CLANG_ENABLE_OBJC_ARC = YES;
				CLANG_WARN_BOOL_CONVERSION = YES;
				CLANG_WARN_CONSTANT_CONVERSION = YES;
				CLANG_WARN_DIRECT_OBJC_ISA_USAGE = YES_ERROR;
				CLANG_WARN_EMPTY_BODY = YES;
				CLANG_WARN_ENUM_CONVERSION = YES;
				CLANG_WARN_INT_CONVERSION = YES;
				CLANG_WARN_OBJC_ROOT_CLASS = YES_ERROR;
				CLANG_WARN_UNREACHABLE_CODE = YES;
				CLANG_WARN__DUPLICATE_METHOD_MATCH = YES;
				"CODE_SIGN_IDENTITY[sdk=iphoneos*]" = "iPhone Developer";
				COPY_PHASE_STRIP = NO;
				DEBUG_INFORMATION_FORMAT = "dwarf-with-dsym";
				ENABLE_NS_ASSERTIONS = NO;
				ENABLE_STRICT_OBJC_MSGSEND = YES;
				GCC_C_LANGUAGE_STANDARD = gnu99;
				GCC_NO_COMMON_BLOCKS = YES;
				GCC_WARN_64_TO_32_BIT_CONVERSION = YES;
				GCC_WARN_ABOUT_RETURN_TYPE = YES_ERROR;
				GCC_WARN_UNDECLARED_SELECTOR = YES;
				GCC_WARN_UNINITIALIZED_AUTOS = YES_AGGRESSIVE;
				GCC_WARN_UNUSED_FUNCTION = YES;
				GCC_WARN_UNUSED_VARIABLE = YES;
				IPHONEOS_DEPLOYMENT_TARGET = 9.1;
				MTL_ENABLE_DEBUG_INFO = NO;
				SDKROOT = iphoneos;
				VALIDATE_PRODUCT = YES;
			};
			name = Release;
		};
		D71655CB1CCE73FE003CE4B8 /* Debug */ = {
			isa = XCBuildConfiguration;
			baseConfigurationReference = 92D05EBCBE12BB958E71B5C3 /* Pods-GD超次元.debug.xcconfig */;
			buildSettings = {
				ASSETCATALOG_COMPILER_APPICON_NAME = AppIcon;
				ASSETCATALOG_COMPILER_LAUNCHIMAGE_NAME = LaunchImage;
				GCC_PREFIX_HEADER = "$(SOURCE_ROOT)/$(PRODUCT_NAME)/PrefixHeader.pch";
				INFOPLIST_FILE = "GD超次元/Info.plist";
				LD_RUNPATH_SEARCH_PATHS = "$(inherited) @executable_path/Frameworks";
				LIBRARY_SEARCH_PATHS = (
					"\"$CONFIGURATION_BUILD_DIR/MMDrawerController\"",
					"$(inherited)",
					"\"$CONFIGURATION_BUILD_DIR/Masonry\"",
					"\"$CONFIGURATION_BUILD_DIR/MJExtension\"",
					"\"$CONFIGURATION_BUILD_DIR/SDCycleScrollView\"",
					"\"$CONFIGURATION_BUILD_DIR/SDWebImage\"",
					"\"$CONFIGURATION_BUILD_DIR/WMPageController\"",
					"\"$CONFIGURATION_BUILD_DIR/SVProgressHUD\"",
				);
				OTHER_LDFLAGS = "-ObjC";
				PRODUCT_BUNDLE_IDENTIFIER = "gdarkness.GD---";
				PRODUCT_NAME = "$(TARGET_NAME)";
			};
			name = Debug;
		};
		D71655CC1CCE73FE003CE4B8 /* Release */ = {
			isa = XCBuildConfiguration;
			baseConfigurationReference = D2A4327AD280E56DC0E6379B /* Pods-GD超次元.release.xcconfig */;
			buildSettings = {
				ASSETCATALOG_COMPILER_APPICON_NAME = AppIcon;
				ASSETCATALOG_COMPILER_LAUNCHIMAGE_NAME = LaunchImage;
				GCC_PREFIX_HEADER = "$(SOURCE_ROOT)/$(PRODUCT_NAME)/PrefixHeader.pch";
				INFOPLIST_FILE = "GD超次元/Info.plist";
				LD_RUNPATH_SEARCH_PATHS = "$(inherited) @executable_path/Frameworks";
				LIBRARY_SEARCH_PATHS = (
					"\"$CONFIGURATION_BUILD_DIR/MMDrawerController\"",
					"$(inherited)",
					"\"$CONFIGURATION_BUILD_DIR/Masonry\"",
					"\"$CONFIGURATION_BUILD_DIR/MJExtension\"",
					"\"$CONFIGURATION_BUILD_DIR/SDCycleScrollView\"",
					"\"$CONFIGURATION_BUILD_DIR/SDWebImage\"",
					"\"$CONFIGURATION_BUILD_DIR/WMPageController\"",
					"\"$CONFIGURATION_BUILD_DIR/SVProgressHUD\"",
				);
				OTHER_LDFLAGS = "-ObjC";
				PRODUCT_BUNDLE_IDENTIFIER = "gdarkness.GD---";
				PRODUCT_NAME = "$(TARGET_NAME)";
			};
			name = Release;
		};
		D71655CE1CCE73FE003CE4B8 /* Debug */ = {
			isa = XCBuildConfiguration;
			baseConfigurationReference = 821585434AA9F8EDE5BC7871 /* Pods-GD超次元Tests.debug.xcconfig */;
			buildSettings = {
				BUNDLE_LOADER = "$(TEST_HOST)";
				INFOPLIST_FILE = "GD超次元Tests/Info.plist";
				LD_RUNPATH_SEARCH_PATHS = "$(inherited) @executable_path/Frameworks @loader_path/Frameworks";
				PRODUCT_BUNDLE_IDENTIFIER = "gdarkness.GD---Tests";
				PRODUCT_NAME = "$(TARGET_NAME)";
				TEST_HOST = "$(BUILT_PRODUCTS_DIR)/GD超次元.app/GD超次元";
			};
			name = Debug;
		};
		D71655CF1CCE73FE003CE4B8 /* Release */ = {
			isa = XCBuildConfiguration;
			baseConfigurationReference = E6C1DC9F184FC589A78F1DFF /* Pods-GD超次元Tests.release.xcconfig */;
			buildSettings = {
				BUNDLE_LOADER = "$(TEST_HOST)";
				INFOPLIST_FILE = "GD超次元Tests/Info.plist";
				LD_RUNPATH_SEARCH_PATHS = "$(inherited) @executable_path/Frameworks @loader_path/Frameworks";
				PRODUCT_BUNDLE_IDENTIFIER = "gdarkness.GD---Tests";
				PRODUCT_NAME = "$(TARGET_NAME)";
				TEST_HOST = "$(BUILT_PRODUCTS_DIR)/GD超次元.app/GD超次元";
			};
			name = Release;
		};
		D71655D11CCE73FE003CE4B8 /* Debug */ = {
			isa = XCBuildConfiguration;
			baseConfigurationReference = 7D4E154FEE7C9F1C5F003949 /* Pods-GD超次元UITests.debug.xcconfig */;
			buildSettings = {
				INFOPLIST_FILE = "GD超次元UITests/Info.plist";
				LD_RUNPATH_SEARCH_PATHS = "$(inherited) @executable_path/Frameworks @loader_path/Frameworks";
				PRODUCT_BUNDLE_IDENTIFIER = "gdarkness.GD---UITests";
				PRODUCT_NAME = "$(TARGET_NAME)";
				TEST_TARGET_NAME = "GD超次元";
				USES_XCTRUNNER = YES;
			};
			name = Debug;
		};
		D71655D21CCE73FE003CE4B8 /* Release */ = {
			isa = XCBuildConfiguration;
			baseConfigurationReference = D721750E4E15F54EC19FD3D4 /* Pods-GD超次元UITests.release.xcconfig */;
			buildSettings = {
				INFOPLIST_FILE = "GD超次元UITests/Info.plist";
				LD_RUNPATH_SEARCH_PATHS = "$(inherited) @executable_path/Frameworks @loader_path/Frameworks";
				PRODUCT_BUNDLE_IDENTIFIER = "gdarkness.GD---UITests";
				PRODUCT_NAME = "$(TARGET_NAME)";
				TEST_TARGET_NAME = "GD超次元";
				USES_XCTRUNNER = YES;
			};
			name = Release;
		};
/* End XCBuildConfiguration section */

/* Begin XCConfigurationList section */
		D71655981CCE73FE003CE4B8 /* Build configuration list for PBXProject "GD超次元" */ = {
			isa = XCConfigurationList;
			buildConfigurations = (
				D71655C81CCE73FE003CE4B8 /* Debug */,
				D71655C91CCE73FE003CE4B8 /* Release */,
			);
			defaultConfigurationIsVisible = 0;
			defaultConfigurationName = Release;
		};
		D71655CA1CCE73FE003CE4B8 /* Build configuration list for PBXNativeTarget "GD超次元" */ = {
			isa = XCConfigurationList;
			buildConfigurations = (
				D71655CB1CCE73FE003CE4B8 /* Debug */,
				D71655CC1CCE73FE003CE4B8 /* Release */,
			);
			defaultConfigurationIsVisible = 0;
			defaultConfigurationName = Release;
		};
		D71655CD1CCE73FE003CE4B8 /* Build configuration list for PBXNativeTarget "GD超次元Tests" */ = {
			isa = XCConfigurationList;
			buildConfigurations = (
				D71655CE1CCE73FE003CE4B8 /* Debug */,
				D71655CF1CCE73FE003CE4B8 /* Release */,
			);
			defaultConfigurationIsVisible = 0;
			defaultConfigurationName = Release;
		};
		D71655D01CCE73FE003CE4B8 /* Build configuration list for PBXNativeTarget "GD超次元UITests" */ = {
			isa = XCConfigurationList;
			buildConfigurations = (
				D71655D11CCE73FE003CE4B8 /* Debug */,
				D71655D21CCE73FE003CE4B8 /* Release */,
			);
			defaultConfigurationIsVisible = 0;
			defaultConfigurationName = Release;
		};
/* End XCConfigurationList section */
	};
	rootObject = D71655951CCE73FE003CE4B8 /* Project object */;
}
