<?xml version="1.0" encoding="UTF-8"?>
<Scheme
   LastUpgradeVersion = "0710"
   version = "1.3">
   <BuildAction
      parallelizeBuildables = "YES"
      buildImplicitDependencies = "YES">
      <BuildActionEntries>
         <BuildActionEntry
            buildForTesting = "YES"
            buildForRunning = "YES"
            buildForProfiling = "YES"
            buildForArchiving = "YES"
            buildForAnalyzing = "YES">
            <BuildableReference
               BuildableIdentifier = "primary"
               BlueprintIdentifier = "D716559C1CCE73FE003CE4B8"
               BuildableName = "GD&#x8d85;&#x6b21;&#x5143;.app"
               BlueprintName = "GD&#x8d85;&#x6b21;&#x5143;"
               ReferencedContainer = "container:GD&#x8d85;&#x6b21;&#x5143;.xcodeproj">
            </BuildableReference>
         </BuildActionEntry>
      </BuildActionEntries>
   </BuildAction>
   <TestAction
      buildConfiguration = "Debug"
      selectedDebuggerIdentifier = "Xcode.DebuggerFoundation.Debugger.LLDB"
      selectedLauncherIdentifier = "Xcode.DebuggerFoundation.Launcher.LLDB"
      shouldUseLaunchSchemeArgsEnv = "YES">
      <Testables>
         <TestableReference
            skipped = "NO">
            <BuildableReference
               BuildableIdentifier = "primary"
               BlueprintIdentifier = "D71655B51CCE73FE003CE4B8"
               BuildableName = "GD&#x8d85;&#x6b21;&#x5143;Tests.xctest"
               BlueprintName = "GD&#x8d85;&#x6b21;&#x5143;Tests"
               ReferencedContainer = "container:GD&#x8d85;&#x6b21;&#x5143;.xcodeproj">
            </BuildableReference>
         </TestableReference>
         <TestableReference
            skipped = "NO">
            <BuildableReference
               BuildableIdentifier = "primary"
               BlueprintIdentifier = "D71655C01CCE73FE003CE4B8"
               BuildableName = "GD&#x8d85;&#x6b21;&#x5143;UITests.xctest"
               BlueprintName = "GD&#x8d85;&#x6b21;&#x5143;UITests"
               ReferencedContainer = "container:GD&#x8d85;&#x6b21;&#x5143;.xcodeproj">
            </BuildableReference>
         </TestableReference>
      </Testables>
      <MacroExpansion>
         <BuildableReference
            BuildableIdentifier = "primary"
            BlueprintIdentifier = "D716559C1CCE73FE003CE4B8"
            BuildableName = "GD&#x8d85;&#x6b21;&#x5143;.app"
            BlueprintName = "GD&#x8d85;&#x6b21;&#x5143;"
            ReferencedContainer = "container:GD&#x8d85;&#x6b21;&#x5143;.xcodeproj">
         </BuildableReference>
      </MacroExpansion>
      <AdditionalOptions>
      </AdditionalOptions>
   </TestAction>
   <LaunchAction
      buildConfiguration = "Debug"
      selectedDebuggerIdentifier = "Xcode.DebuggerFoundation.Debugger.LLDB"
      selectedLauncherIdentifier = "Xcode.DebuggerFoundation.Launcher.LLDB"
      launchStyle = "0"
      useCustomWorkingDirectory = "NO"
      ignoresPersistentStateOnLaunch = "NO"
      debugDocumentVersioning = "YES"
      debugServiceExtension = "internal"
      allowLocationSimulation = "YES">
      <BuildableProductRunnable
         runnableDebuggingMode = "0">
         <BuildableReference
            BuildableIdentifier = "primary"
            BlueprintIdentifier = "D716559C1CCE73FE003CE4B8"
            BuildableName = "GD&#x8d85;&#x6b21;&#x5143;.app"
            BlueprintName = "GD&#x8d85;&#x6b21;&#x5143;"
            ReferencedContainer = "container:GD&#x8d85;&#x6b21;&#x5143;.xcodeproj">
         </BuildableReference>
      </BuildableProductRunnable>
      <AdditionalOptions>
      </AdditionalOptions>
   </LaunchAction>
   <ProfileAction
      buildConfiguration = "Release"
      shouldUseLaunchSchemeArgsEnv = "YES"
      savedToolIdentifier = ""
      useCustomWorkingDirectory = "NO"
      debugDocumentVersioning = "YES">
      <BuildableProductRunnable
         runnableDebuggingMode = "0">
         <BuildableReference
            BuildableIdentifier = "primary"
            BlueprintIdentifier = "D716559C1CCE73FE003CE4B8"
            BuildableName = "GD&#x8d85;&#x6b21;&#x5143;.app"
            BlueprintName = "GD&#x8d85;&#x6b21;&#x5143;"
            ReferencedContainer = "container:GD&#x8d85;&#x6b21;&#x5143;.xcodeproj">
         </BuildableReference>
      </BuildableProductRunnable>
   </ProfileAction>
   <AnalyzeAction
      buildConfiguration = "Debug">
   </AnalyzeAction>
   <ArchiveAction
      buildConfiguration = "Release"
      revealArchiveInOrganizer = "YES">
   </ArchiveAction>
</Scheme>
